
Microsoft Visual Studio Solution File, Format Version 12.00
# Visual Studio Version 16
VisualStudioVersion = 16.0.30611.23
MinimumVisualStudioVersion = 10.0.40219.1
Project("{8BC9CEB8-8B4A-11D0-8D11-00A0C91BC942}") = "OpenGL_Project", "OpenGL_Project\OpenGL_Project.vcxproj", "{49D62456-D130-4FCE-B7A8-6AD5D7488725}"
EndProject
Global
	GlobalSection(SolutionConfigurationPlatforms) = preSolution
		Debug|x64 = Debug|x64
		Debug|x86 = Debug|x86
		Release|x64 = Release|x64
		Release|x86 = Release|x86
	EndGlobalSection
	GlobalSection(ProjectConfigurationPlatforms) = postSolution
		{49D62456-D130-4FCE-B7A8-6AD5D7488725}.Debug|x64.ActiveCfg = Debug|x64
		{49D62456-D130-4FCE-B7A8-6AD5D7488725}.Debug|x64.Build.0 = Debug|x64
		{49D62456-D130-4FCE-B7A8-6AD5D7488725}.Debug|x86.ActiveCfg = Debug|Win32
		{49D62456-D130-4FCE-B7A8-6AD5D7488725}.Debug|x86.Build.0 = Debug|Win32
		{49D62456-D130-4FCE-B7A8-6AD5D7488725}.Release|x64.ActiveCfg = Release|x64
		{49D62456-D130-4FCE-B7A8-6AD5D7488725}.Release|x64.Build.0 = Release|x64
		{49D62456-D130-4FCE-B7A8-6AD5D7488725}.Release|x86.ActiveCfg = Release|Win32
		{49D62456-D130-4FCE-B7A8-6AD5D7488725}.Release|x86.Build.0 = Release|Win32
	EndGlobalSection
	GlobalSection(SolutionProperties) = preSolution
		HideSolutionNode = FALSE
	EndGlobalSection
	GlobalSection(ExtensibilityGlobals) = postSolution
		SolutionGuid = {A2D77D98-6636-4893-98B1-EEED9CC06DDE}
	EndGlobalSection
EndGlobal
