
Microsoft Visual Studio Solution File, Format Version 12.00
# Visual Studio Version 16
Project("{2150E333-8FDC-42A3-9474-1A3956D46DE8}") = "CMakePredefinedTargets", "CMakePredefinedTargets", "{6C58575F-F602-3FB9-BD06-872C47C3458B}"
EndProject
Project("{2150E333-8FDC-42A3-9474-1A3956D46DE8}") = "GLFW3", "GLFW3", "{93E8F5EC-1408-36C1-912E-445C475739E4}"
EndProject
Project("{2150E333-8FDC-42A3-9474-1A3956D46DE8}") = "Examples", "GLFW3\Examples", "{EC4FE237-2E79-3C99-9C0C-4AD59EA20722}"
EndProject
Project("{2150E333-8FDC-42A3-9474-1A3956D46DE8}") = "Tests", "GLFW3\Tests", "{210AB1D4-6C40-3BF8-8DB0-2F25CE6D933D}"
EndProject
Project("{8BC9CEB8-8B4A-11D0-8D11-00A0C91BC942}") = "ALL_BUILD", "ALL_BUILD.vcxproj", "{CD7AC95F-9C58-3529-904B-B0E7BCBCC977}"
	ProjectSection(ProjectDependencies) = postProject
		{55F0682C-20F9-36ED-B882-C3816D89FAAB} = {55F0682C-20F9-36ED-B882-C3816D89FAAB}
		{A89961F9-D4D3-3BB3-A05B-6F612232832F} = {A89961F9-D4D3-3BB3-A05B-6F612232832F}
		{BC9B7054-4E20-361D-AFB6-84098A78F9C3} = {BC9B7054-4E20-361D-AFB6-84098A78F9C3}
		{4C338095-E369-3D09-979F-7688AB46ACE8} = {4C338095-E369-3D09-979F-7688AB46ACE8}
		{10394F7E-4CB2-3168-90FE-F6E9C916770C} = {10394F7E-4CB2-3168-90FE-F6E9C916770C}
		{786ABEA1-22E4-3DBD-B6CB-7D566FD3B1D0} = {786ABEA1-22E4-3DBD-B6CB-7D566FD3B1D0}
		{945DFA90-0E96-357A-B335-BB1B27E2A311} = {945DFA90-0E96-357A-B335-BB1B27E2A311}
		{373C27F5-0DA9-35BC-AFF7-C9DEE06A5397} = {373C27F5-0DA9-35BC-AFF7-C9DEE06A5397}
		{92005896-6B34-379A-9C3A-8946E3170DC2} = {92005896-6B34-379A-9C3A-8946E3170DC2}
		{8C298BC9-D6B7-3E72-9BE3-168FDCDEAD30} = {8C298BC9-D6B7-3E72-9BE3-168FDCDEAD30}
		{AFBF4BCD-AA99-3450-9A3D-A26E18E29D5D} = {AFBF4BCD-AA99-3450-9A3D-A26E18E29D5D}
		{D1963758-39BA-3975-8C3C-E72C29CB16A6} = {D1963758-39BA-3975-8C3C-E72C29CB16A6}
		{1E90FFB1-2CD4-34DE-A57C-F00C45BBEFDA} = {1E90FFB1-2CD4-34DE-A57C-F00C45BBEFDA}
		{1F87869F-5233-3665-9B88-5D5879F5DDF6} = {1F87869F-5233-3665-9B88-5D5879F5DDF6}
		{0D87C9D5-D5AD-3367-A803-E156DD397DAD} = {0D87C9D5-D5AD-3367-A803-E156DD397DAD}
		{2DCF0A5B-9B40-3A36-B55B-ABD4F9D20428} = {2DCF0A5B-9B40-3A36-B55B-ABD4F9D20428}
		{60DD4EE7-9E27-377A-BA07-4A87C614CC60} = {60DD4EE7-9E27-377A-BA07-4A87C614CC60}
		{304087A2-1E33-34A4-B3E5-B397FFD49529} = {304087A2-1E33-34A4-B3E5-B397FFD49529}
		{9D318B57-CDFA-394E-8548-CDD86421A558} = {9D318B57-CDFA-394E-8548-CDD86421A558}
		{564842DA-8967-3520-B562-C6DC287FBFEE} = {564842DA-8967-3520-B562-C6DC287FBFEE}
		{A1BC60FD-CCAC-3379-B8AF-B4EF930C8380} = {A1BC60FD-CCAC-3379-B8AF-B4EF930C8380}
		{498D5EA5-04E4-37A3-A24E-D5A2B57197FC} = {498D5EA5-04E4-37A3-A24E-D5A2B57197FC}
		{83EB83F1-17F6-31A4-9594-250128393B0C} = {83EB83F1-17F6-31A4-9594-250128393B0C}
		{0E13BA33-96B4-37F7-B7B3-0A84E7F670BD} = {0E13BA33-96B4-37F7-B7B3-0A84E7F670BD}
		{A7B3EBDE-9C8F-35EB-A2B1-4CA7C5895EB2} = {A7B3EBDE-9C8F-35EB-A2B1-4CA7C5895EB2}
		{429B4BE8-63D3-3A9D-AD62-A240EC0F37EE} = {429B4BE8-63D3-3A9D-AD62-A240EC0F37EE}
		{C8CB43F1-E9C0-3413-9559-617218B5ADCA} = {C8CB43F1-E9C0-3413-9559-617218B5ADCA}
		{C27CC4FF-E2F4-382B-83E2-D94D6262710F} = {C27CC4FF-E2F4-382B-83E2-D94D6262710F}
		{F3531AD8-3B01-3463-B481-744BE343B5BB} = {F3531AD8-3B01-3463-B481-744BE343B5BB}
		{3A497C4C-66BC-39A4-919F-1CEAB35200C3} = {3A497C4C-66BC-39A4-919F-1CEAB35200C3}
		{F5A7E909-6B31-3B38-81C8-DDCEDE42B3E5} = {F5A7E909-6B31-3B38-81C8-DDCEDE42B3E5}
		{10CF3073-93F4-3435-B7F4-B771DBAE6D0A} = {10CF3073-93F4-3435-B7F4-B771DBAE6D0A}
		{BF302E73-A590-3D75-B997-A082E994D177} = {BF302E73-A590-3D75-B997-A082E994D177}
		{AF145EE7-95D5-3D4D-98BC-6B94392A8B9A} = {AF145EE7-95D5-3D4D-98BC-6B94392A8B9A}
		{EB7DF274-1280-30C5-B83D-8F2719B98C10} = {EB7DF274-1280-30C5-B83D-8F2719B98C10}
		{C3B4264F-9DE1-3F5C-A392-FDB33067BAD9} = {C3B4264F-9DE1-3F5C-A392-FDB33067BAD9}
		{BE2C8922-7496-317E-BCB5-EA3E01F5EFB1} = {BE2C8922-7496-317E-BCB5-EA3E01F5EFB1}
		{4E2271A4-405B-3B89-A57D-498E41324BFC} = {4E2271A4-405B-3B89-A57D-498E41324BFC}
		{FF4AE947-CB99-3AEE-B975-3582DD226C0E} = {FF4AE947-CB99-3AEE-B975-3582DD226C0E}
		{67CC74F8-CB55-338A-92F3-36D8F4BC1D34} = {67CC74F8-CB55-338A-92F3-36D8F4BC1D34}
		{8193D52F-A12A-309D-A637-5ACB32DC7DBA} = {8193D52F-A12A-309D-A637-5ACB32DC7DBA}
		{EC82CA87-0789-38B0-9A91-42F5A8049A0D} = {EC82CA87-0789-38B0-9A91-42F5A8049A0D}
		{D072279C-FBD4-3B7B-8908-1F986A5E0466} = {D072279C-FBD4-3B7B-8908-1F986A5E0466}
		{4EEB8269-69C3-35E5-90F6-745775D3831A} = {4EEB8269-69C3-35E5-90F6-745775D3831A}
		{1F865B3A-F61A-332D-95FE-C53CFFC9D417} = {1F865B3A-F61A-332D-95FE-C53CFFC9D417}
		{1060F471-7D48-36E5-8394-B17FF22AB75F} = {1060F471-7D48-36E5-8394-B17FF22AB75F}
		{9F3D6CF2-F66C-32CD-AA8F-5625A32D535B} = {9F3D6CF2-F66C-32CD-AA8F-5625A32D535B}
		{46D97C74-0802-34A4-812E-AA54C4EC652E} = {46D97C74-0802-34A4-812E-AA54C4EC652E}
		{CECA2B6D-9371-3D07-920B-C424DABC6868} = {CECA2B6D-9371-3D07-920B-C424DABC6868}
		{E01BD4F4-4A9F-31F2-B39F-15CF5A08DA6E} = {E01BD4F4-4A9F-31F2-B39F-15CF5A08DA6E}
		{9A824D70-F2C8-3D86-9C98-20A0039A5233} = {9A824D70-F2C8-3D86-9C98-20A0039A5233}
		{7DE64328-FE53-31A8-ABDC-FD3AF793199A} = {7DE64328-FE53-31A8-ABDC-FD3AF793199A}
		{03AF62E9-B03F-3AFE-8F77-C214EE33E599} = {03AF62E9-B03F-3AFE-8F77-C214EE33E599}
		{6C3F3682-A915-348A-BF63-58C3210F5334} = {6C3F3682-A915-348A-BF63-58C3210F5334}
		{2C48651A-1367-32CE-95B3-36E8CB415FF7} = {2C48651A-1367-32CE-95B3-36E8CB415FF7}
		{59E5A534-9FCC-3670-82E1-02DFB8712D77} = {59E5A534-9FCC-3670-82E1-02DFB8712D77}
		{89D0B400-4A29-3639-ADD8-8D577FE6A415} = {89D0B400-4A29-3639-ADD8-8D577FE6A415}
		{C3C0C79F-A5D7-3BD0-B7FD-63B53B3C7468} = {C3C0C79F-A5D7-3BD0-B7FD-63B53B3C7468}
		{705909FB-208D-3646-8B2A-034ADE366479} = {705909FB-208D-3646-8B2A-034ADE366479}
	EndProjectSection
EndProject
Project("{8BC9CEB8-8B4A-11D0-8D11-00A0C91BC942}") = "ANTTWEAKBAR_116_OGLCORE_GLFW", "external\ANTTWEAKBAR_116_OGLCORE_GLFW.vcxproj", "{55F0682C-20F9-36ED-B882-C3816D89FAAB}"
	ProjectSection(ProjectDependencies) = postProject
		{945DFA90-0E96-357A-B335-BB1B27E2A311} = {945DFA90-0E96-357A-B335-BB1B27E2A311}
	EndProjectSection
EndProject
Project("{8BC9CEB8-8B4A-11D0-8D11-00A0C91BC942}") = "BulletCollision", "external\bullet-2.81-rev2613\src\BulletCollision\BulletCollision.vcxproj", "{A89961F9-D4D3-3BB3-A05B-6F612232832F}"
	ProjectSection(ProjectDependencies) = postProject
		{945DFA90-0E96-357A-B335-BB1B27E2A311} = {945DFA90-0E96-357A-B335-BB1B27E2A311}
	EndProjectSection
EndProject
Project("{8BC9CEB8-8B4A-11D0-8D11-00A0C91BC942}") = "BulletDynamics", "external\bullet-2.81-rev2613\src\BulletDynamics\BulletDynamics.vcxproj", "{BC9B7054-4E20-361D-AFB6-84098A78F9C3}"
	ProjectSection(ProjectDependencies) = postProject
		{945DFA90-0E96-357A-B335-BB1B27E2A311} = {945DFA90-0E96-357A-B335-BB1B27E2A311}
	EndProjectSection
EndProject
Project("{8BC9CEB8-8B4A-11D0-8D11-00A0C91BC942}") = "BulletSoftBody", "external\bullet-2.81-rev2613\src\BulletSoftBody\BulletSoftBody.vcxproj", "{4C338095-E369-3D09-979F-7688AB46ACE8}"
	ProjectSection(ProjectDependencies) = postProject
		{945DFA90-0E96-357A-B335-BB1B27E2A311} = {945DFA90-0E96-357A-B335-BB1B27E2A311}
	EndProjectSection
EndProject
Project("{8BC9CEB8-8B4A-11D0-8D11-00A0C91BC942}") = "GLEW_1130", "external\GLEW_1130.vcxproj", "{10394F7E-4CB2-3168-90FE-F6E9C916770C}"
	ProjectSection(ProjectDependencies) = postProject
		{945DFA90-0E96-357A-B335-BB1B27E2A311} = {945DFA90-0E96-357A-B335-BB1B27E2A311}
	EndProjectSection
EndProject
Project("{8BC9CEB8-8B4A-11D0-8D11-00A0C91BC942}") = "INSTALL", "INSTALL.vcxproj", "{CA4A78B3-B901-3ED2-AC3A-BD2F335A6E41}"
	ProjectSection(ProjectDependencies) = postProject
		{CD7AC95F-9C58-3529-904B-B0E7BCBCC977} = {CD7AC95F-9C58-3529-904B-B0E7BCBCC977}
		{945DFA90-0E96-357A-B335-BB1B27E2A311} = {945DFA90-0E96-357A-B335-BB1B27E2A311}
	EndProjectSection
EndProject
Project("{8BC9CEB8-8B4A-11D0-8D11-00A0C91BC942}") = "LinearMath", "external\bullet-2.81-rev2613\src\LinearMath\LinearMath.vcxproj", "{786ABEA1-22E4-3DBD-B6CB-7D566FD3B1D0}"
	ProjectSection(ProjectDependencies) = postProject
		{945DFA90-0E96-357A-B335-BB1B27E2A311} = {945DFA90-0E96-357A-B335-BB1B27E2A311}
	EndProjectSection
EndProject
Project("{8BC9CEB8-8B4A-11D0-8D11-00A0C91BC942}") = "ZERO_CHECK", "ZERO_CHECK.vcxproj", "{945DFA90-0E96-357A-B335-BB1B27E2A311}"
	ProjectSection(ProjectDependencies) = postProject
	EndProjectSection
EndProject
Project("{8BC9CEB8-8B4A-11D0-8D11-00A0C91BC942}") = "assimp", "external\assimp-3.0.1270\code\assimp.vcxproj", "{373C27F5-0DA9-35BC-AFF7-C9DEE06A5397}"
	ProjectSection(ProjectDependencies) = postProject
		{945DFA90-0E96-357A-B335-BB1B27E2A311} = {945DFA90-0E96-357A-B335-BB1B27E2A311}
		{705909FB-208D-3646-8B2A-034ADE366479} = {705909FB-208D-3646-8B2A-034ADE366479}
	EndProjectSection
EndProject
Project("{8BC9CEB8-8B4A-11D0-8D11-00A0C91BC942}") = "boing", "external\glfw-3.1.2\examples\boing.vcxproj", "{92005896-6B34-379A-9C3A-8946E3170DC2}"
	ProjectSection(ProjectDependencies) = postProject
		{945DFA90-0E96-357A-B335-BB1B27E2A311} = {945DFA90-0E96-357A-B335-BB1B27E2A311}
		{2DCF0A5B-9B40-3A36-B55B-ABD4F9D20428} = {2DCF0A5B-9B40-3A36-B55B-ABD4F9D20428}
	EndProjectSection
EndProject
Project("{8BC9CEB8-8B4A-11D0-8D11-00A0C91BC942}") = "clipboard", "external\glfw-3.1.2\tests\clipboard.vcxproj", "{8C298BC9-D6B7-3E72-9BE3-168FDCDEAD30}"
	ProjectSection(ProjectDependencies) = postProject
		{945DFA90-0E96-357A-B335-BB1B27E2A311} = {945DFA90-0E96-357A-B335-BB1B27E2A311}
		{2DCF0A5B-9B40-3A36-B55B-ABD4F9D20428} = {2DCF0A5B-9B40-3A36-B55B-ABD4F9D20428}
	EndProjectSection
EndProject
Project("{8BC9CEB8-8B4A-11D0-8D11-00A0C91BC942}") = "cursor", "external\glfw-3.1.2\tests\cursor.vcxproj", "{AFBF4BCD-AA99-3450-9A3D-A26E18E29D5D}"
	ProjectSection(ProjectDependencies) = postProject
		{945DFA90-0E96-357A-B335-BB1B27E2A311} = {945DFA90-0E96-357A-B335-BB1B27E2A311}
		{2DCF0A5B-9B40-3A36-B55B-ABD4F9D20428} = {2DCF0A5B-9B40-3A36-B55B-ABD4F9D20428}
	EndProjectSection
EndProject
Project("{8BC9CEB8-8B4A-11D0-8D11-00A0C91BC942}") = "empty", "external\glfw-3.1.2\tests\empty.vcxproj", "{D1963758-39BA-3975-8C3C-E72C29CB16A6}"
	ProjectSection(ProjectDependencies) = postProject
		{945DFA90-0E96-357A-B335-BB1B27E2A311} = {945DFA90-0E96-357A-B335-BB1B27E2A311}
		{2DCF0A5B-9B40-3A36-B55B-ABD4F9D20428} = {2DCF0A5B-9B40-3A36-B55B-ABD4F9D20428}
	EndProjectSection
EndProject
Project("{8BC9CEB8-8B4A-11D0-8D11-00A0C91BC942}") = "events", "external\glfw-3.1.2\tests\events.vcxproj", "{1E90FFB1-2CD4-34DE-A57C-F00C45BBEFDA}"
	ProjectSection(ProjectDependencies) = postProject
		{945DFA90-0E96-357A-B335-BB1B27E2A311} = {945DFA90-0E96-357A-B335-BB1B27E2A311}
		{2DCF0A5B-9B40-3A36-B55B-ABD4F9D20428} = {2DCF0A5B-9B40-3A36-B55B-ABD4F9D20428}
	EndProjectSection
EndProject
Project("{8BC9CEB8-8B4A-11D0-8D11-00A0C91BC942}") = "gamma", "external\glfw-3.1.2\tests\gamma.vcxproj", "{1F87869F-5233-3665-9B88-5D5879F5DDF6}"
	ProjectSection(ProjectDependencies) = postProject
		{945DFA90-0E96-357A-B335-BB1B27E2A311} = {945DFA90-0E96-357A-B335-BB1B27E2A311}
		{2DCF0A5B-9B40-3A36-B55B-ABD4F9D20428} = {2DCF0A5B-9B40-3A36-B55B-ABD4F9D20428}
	EndProjectSection
EndProject
Project("{8BC9CEB8-8B4A-11D0-8D11-00A0C91BC942}") = "gears", "external\glfw-3.1.2\examples\gears.vcxproj", "{0D87C9D5-D5AD-3367-A803-E156DD397DAD}"
	ProjectSection(ProjectDependencies) = postProject
		{945DFA90-0E96-357A-B335-BB1B27E2A311} = {945DFA90-0E96-357A-B335-BB1B27E2A311}
		{2DCF0A5B-9B40-3A36-B55B-ABD4F9D20428} = {2DCF0A5B-9B40-3A36-B55B-ABD4F9D20428}
	EndProjectSection
EndProject
Project("{8BC9CEB8-8B4A-11D0-8D11-00A0C91BC942}") = "glfw", "external\glfw-3.1.2\src\glfw.vcxproj", "{2DCF0A5B-9B40-3A36-B55B-ABD4F9D20428}"
	ProjectSection(ProjectDependencies) = postProject
		{945DFA90-0E96-357A-B335-BB1B27E2A311} = {945DFA90-0E96-357A-B335-BB1B27E2A311}
	EndProjectSection
EndProject
Project("{8BC9CEB8-8B4A-11D0-8D11-00A0C91BC942}") = "glfwinfo", "external\glfw-3.1.2\tests\glfwinfo.vcxproj", "{60DD4EE7-9E27-377A-BA07-4A87C614CC60}"
	ProjectSection(ProjectDependencies) = postProject
		{945DFA90-0E96-357A-B335-BB1B27E2A311} = {945DFA90-0E96-357A-B335-BB1B27E2A311}
		{2DCF0A5B-9B40-3A36-B55B-ABD4F9D20428} = {2DCF0A5B-9B40-3A36-B55B-ABD4F9D20428}
	EndProjectSection
EndProject
Project("{8BC9CEB8-8B4A-11D0-8D11-00A0C91BC942}") = "heightmap", "external\glfw-3.1.2\examples\heightmap.vcxproj", "{304087A2-1E33-34A4-B3E5-B397FFD49529}"
	ProjectSection(ProjectDependencies) = postProject
		{945DFA90-0E96-357A-B335-BB1B27E2A311} = {945DFA90-0E96-357A-B335-BB1B27E2A311}
		{2DCF0A5B-9B40-3A36-B55B-ABD4F9D20428} = {2DCF0A5B-9B40-3A36-B55B-ABD4F9D20428}
	EndProjectSection
EndProject
Project("{8BC9CEB8-8B4A-11D0-8D11-00A0C91BC942}") = "iconify", "external\glfw-3.1.2\tests\iconify.vcxproj", "{9D318B57-CDFA-394E-8548-CDD86421A558}"
	ProjectSection(ProjectDependencies) = postProject
		{945DFA90-0E96-357A-B335-BB1B27E2A311} = {945DFA90-0E96-357A-B335-BB1B27E2A311}
		{2DCF0A5B-9B40-3A36-B55B-ABD4F9D20428} = {2DCF0A5B-9B40-3A36-B55B-ABD4F9D20428}
	EndProjectSection
EndProject
Project("{8BC9CEB8-8B4A-11D0-8D11-00A0C91BC942}") = "joysticks", "external\glfw-3.1.2\tests\joysticks.vcxproj", "{564842DA-8967-3520-B562-C6DC287FBFEE}"
	ProjectSection(ProjectDependencies) = postProject
		{945DFA90-0E96-357A-B335-BB1B27E2A311} = {945DFA90-0E96-357A-B335-BB1B27E2A311}
		{2DCF0A5B-9B40-3A36-B55B-ABD4F9D20428} = {2DCF0A5B-9B40-3A36-B55B-ABD4F9D20428}
	EndProjectSection
EndProject
Project("{8BC9CEB8-8B4A-11D0-8D11-00A0C91BC942}") = "misc05_picking_BulletPhysics", "misc05_picking_BulletPhysics.vcxproj", "{A1BC60FD-CCAC-3379-B8AF-B4EF930C8380}"
	ProjectSection(ProjectDependencies) = postProject
		{55F0682C-20F9-36ED-B882-C3816D89FAAB} = {55F0682C-20F9-36ED-B882-C3816D89FAAB}
		{A89961F9-D4D3-3BB3-A05B-6F612232832F} = {A89961F9-D4D3-3BB3-A05B-6F612232832F}
		{BC9B7054-4E20-361D-AFB6-84098A78F9C3} = {BC9B7054-4E20-361D-AFB6-84098A78F9C3}
		{10394F7E-4CB2-3168-90FE-F6E9C916770C} = {10394F7E-4CB2-3168-90FE-F6E9C916770C}
		{786ABEA1-22E4-3DBD-B6CB-7D566FD3B1D0} = {786ABEA1-22E4-3DBD-B6CB-7D566FD3B1D0}
		{945DFA90-0E96-357A-B335-BB1B27E2A311} = {945DFA90-0E96-357A-B335-BB1B27E2A311}
		{2DCF0A5B-9B40-3A36-B55B-ABD4F9D20428} = {2DCF0A5B-9B40-3A36-B55B-ABD4F9D20428}
	EndProjectSection
EndProject
Project("{8BC9CEB8-8B4A-11D0-8D11-00A0C91BC942}") = "misc05_picking_custom", "misc05_picking_custom.vcxproj", "{498D5EA5-04E4-37A3-A24E-D5A2B57197FC}"
	ProjectSection(ProjectDependencies) = postProject
		{55F0682C-20F9-36ED-B882-C3816D89FAAB} = {55F0682C-20F9-36ED-B882-C3816D89FAAB}
		{10394F7E-4CB2-3168-90FE-F6E9C916770C} = {10394F7E-4CB2-3168-90FE-F6E9C916770C}
		{945DFA90-0E96-357A-B335-BB1B27E2A311} = {945DFA90-0E96-357A-B335-BB1B27E2A311}
		{2DCF0A5B-9B40-3A36-B55B-ABD4F9D20428} = {2DCF0A5B-9B40-3A36-B55B-ABD4F9D20428}
	EndProjectSection
EndProject
Project("{8BC9CEB8-8B4A-11D0-8D11-00A0C91BC942}") = "misc05_picking_slow_easy", "misc05_picking_slow_easy.vcxproj", "{83EB83F1-17F6-31A4-9594-250128393B0C}"
	ProjectSection(ProjectDependencies) = postProject
		{55F0682C-20F9-36ED-B882-C3816D89FAAB} = {55F0682C-20F9-36ED-B882-C3816D89FAAB}
		{10394F7E-4CB2-3168-90FE-F6E9C916770C} = {10394F7E-4CB2-3168-90FE-F6E9C916770C}
		{945DFA90-0E96-357A-B335-BB1B27E2A311} = {945DFA90-0E96-357A-B335-BB1B27E2A311}
		{2DCF0A5B-9B40-3A36-B55B-ABD4F9D20428} = {2DCF0A5B-9B40-3A36-B55B-ABD4F9D20428}
	EndProjectSection
EndProject
Project("{8BC9CEB8-8B4A-11D0-8D11-00A0C91BC942}") = "monitors", "external\glfw-3.1.2\tests\monitors.vcxproj", "{0E13BA33-96B4-37F7-B7B3-0A84E7F670BD}"
	ProjectSection(ProjectDependencies) = postProject
		{945DFA90-0E96-357A-B335-BB1B27E2A311} = {945DFA90-0E96-357A-B335-BB1B27E2A311}
		{2DCF0A5B-9B40-3A36-B55B-ABD4F9D20428} = {2DCF0A5B-9B40-3A36-B55B-ABD4F9D20428}
	EndProjectSection
EndProject
Project("{8BC9CEB8-8B4A-11D0-8D11-00A0C91BC942}") = "msaa", "external\glfw-3.1.2\tests\msaa.vcxproj", "{A7B3EBDE-9C8F-35EB-A2B1-4CA7C5895EB2}"
	ProjectSection(ProjectDependencies) = postProject
		{945DFA90-0E96-357A-B335-BB1B27E2A311} = {945DFA90-0E96-357A-B335-BB1B27E2A311}
		{2DCF0A5B-9B40-3A36-B55B-ABD4F9D20428} = {2DCF0A5B-9B40-3A36-B55B-ABD4F9D20428}
	EndProjectSection
EndProject
Project("{8BC9CEB8-8B4A-11D0-8D11-00A0C91BC942}") = "particles", "external\glfw-3.1.2\examples\particles.vcxproj", "{429B4BE8-63D3-3A9D-AD62-A240EC0F37EE}"
	ProjectSection(ProjectDependencies) = postProject
		{945DFA90-0E96-357A-B335-BB1B27E2A311} = {945DFA90-0E96-357A-B335-BB1B27E2A311}
		{2DCF0A5B-9B40-3A36-B55B-ABD4F9D20428} = {2DCF0A5B-9B40-3A36-B55B-ABD4F9D20428}
	EndProjectSection
EndProject
Project("{8BC9CEB8-8B4A-11D0-8D11-00A0C91BC942}") = "playground", "playground.vcxproj", "{C8CB43F1-E9C0-3413-9559-617218B5ADCA}"
	ProjectSection(ProjectDependencies) = postProject
		{10394F7E-4CB2-3168-90FE-F6E9C916770C} = {10394F7E-4CB2-3168-90FE-F6E9C916770C}
		{945DFA90-0E96-357A-B335-BB1B27E2A311} = {945DFA90-0E96-357A-B335-BB1B27E2A311}
		{2DCF0A5B-9B40-3A36-B55B-ABD4F9D20428} = {2DCF0A5B-9B40-3A36-B55B-ABD4F9D20428}
	EndProjectSection
EndProject
Project("{8BC9CEB8-8B4A-11D0-8D11-00A0C91BC942}") = "reopen", "external\glfw-3.1.2\tests\reopen.vcxproj", "{C27CC4FF-E2F4-382B-83E2-D94D6262710F}"
	ProjectSection(ProjectDependencies) = postProject
		{945DFA90-0E96-357A-B335-BB1B27E2A311} = {945DFA90-0E96-357A-B335-BB1B27E2A311}
		{2DCF0A5B-9B40-3A36-B55B-ABD4F9D20428} = {2DCF0A5B-9B40-3A36-B55B-ABD4F9D20428}
	EndProjectSection
EndProject
Project("{8BC9CEB8-8B4A-11D0-8D11-00A0C91BC942}") = "sharing", "external\glfw-3.1.2\tests\sharing.vcxproj", "{F3531AD8-3B01-3463-B481-744BE343B5BB}"
	ProjectSection(ProjectDependencies) = postProject
		{945DFA90-0E96-357A-B335-BB1B27E2A311} = {945DFA90-0E96-357A-B335-BB1B27E2A311}
		{2DCF0A5B-9B40-3A36-B55B-ABD4F9D20428} = {2DCF0A5B-9B40-3A36-B55B-ABD4F9D20428}
	EndProjectSection
EndProject
Project("{8BC9CEB8-8B4A-11D0-8D11-00A0C91BC942}") = "simple", "external\glfw-3.1.2\examples\simple.vcxproj", "{3A497C4C-66BC-39A4-919F-1CEAB35200C3}"
	ProjectSection(ProjectDependencies) = postProject
		{945DFA90-0E96-357A-B335-BB1B27E2A311} = {945DFA90-0E96-357A-B335-BB1B27E2A311}
		{2DCF0A5B-9B40-3A36-B55B-ABD4F9D20428} = {2DCF0A5B-9B40-3A36-B55B-ABD4F9D20428}
	EndProjectSection
EndProject
Project("{8BC9CEB8-8B4A-11D0-8D11-00A0C91BC942}") = "splitview", "external\glfw-3.1.2\examples\splitview.vcxproj", "{F5A7E909-6B31-3B38-81C8-DDCEDE42B3E5}"
	ProjectSection(ProjectDependencies) = postProject
		{945DFA90-0E96-357A-B335-BB1B27E2A311} = {945DFA90-0E96-357A-B335-BB1B27E2A311}
		{2DCF0A5B-9B40-3A36-B55B-ABD4F9D20428} = {2DCF0A5B-9B40-3A36-B55B-ABD4F9D20428}
	EndProjectSection
EndProject
Project("{8BC9CEB8-8B4A-11D0-8D11-00A0C91BC942}") = "tearing", "external\glfw-3.1.2\tests\tearing.vcxproj", "{10CF3073-93F4-3435-B7F4-B771DBAE6D0A}"
	ProjectSection(ProjectDependencies) = postProject
		{945DFA90-0E96-357A-B335-BB1B27E2A311} = {945DFA90-0E96-357A-B335-BB1B27E2A311}
		{2DCF0A5B-9B40-3A36-B55B-ABD4F9D20428} = {2DCF0A5B-9B40-3A36-B55B-ABD4F9D20428}
	EndProjectSection
EndProject
Project("{8BC9CEB8-8B4A-11D0-8D11-00A0C91BC942}") = "threads", "external\glfw-3.1.2\tests\threads.vcxproj", "{BF302E73-A590-3D75-B997-A082E994D177}"
	ProjectSection(ProjectDependencies) = postProject
		{945DFA90-0E96-357A-B335-BB1B27E2A311} = {945DFA90-0E96-357A-B335-BB1B27E2A311}
		{2DCF0A5B-9B40-3A36-B55B-ABD4F9D20428} = {2DCF0A5B-9B40-3A36-B55B-ABD4F9D20428}
	EndProjectSection
EndProject
Project("{8BC9CEB8-8B4A-11D0-8D11-00A0C91BC942}") = "title", "external\glfw-3.1.2\tests\title.vcxproj", "{AF145EE7-95D5-3D4D-98BC-6B94392A8B9A}"
	ProjectSection(ProjectDependencies) = postProject
		{945DFA90-0E96-357A-B335-BB1B27E2A311} = {945DFA90-0E96-357A-B335-BB1B27E2A311}
		{2DCF0A5B-9B40-3A36-B55B-ABD4F9D20428} = {2DCF0A5B-9B40-3A36-B55B-ABD4F9D20428}
	EndProjectSection
EndProject
Project("{8BC9CEB8-8B4A-11D0-8D11-00A0C91BC942}") = "tutorial01_first_window", "tutorial01_first_window.vcxproj", "{EB7DF274-1280-30C5-B83D-8F2719B98C10}"
	ProjectSection(ProjectDependencies) = postProject
		{10394F7E-4CB2-3168-90FE-F6E9C916770C} = {10394F7E-4CB2-3168-90FE-F6E9C916770C}
		{945DFA90-0E96-357A-B335-BB1B27E2A311} = {945DFA90-0E96-357A-B335-BB1B27E2A311}
		{2DCF0A5B-9B40-3A36-B55B-ABD4F9D20428} = {2DCF0A5B-9B40-3A36-B55B-ABD4F9D20428}
	EndProjectSection
EndProject
Project("{8BC9CEB8-8B4A-11D0-8D11-00A0C91BC942}") = "tutorial02_red_triangle", "tutorial02_red_triangle.vcxproj", "{C3B4264F-9DE1-3F5C-A392-FDB33067BAD9}"
	ProjectSection(ProjectDependencies) = postProject
		{10394F7E-4CB2-3168-90FE-F6E9C916770C} = {10394F7E-4CB2-3168-90FE-F6E9C916770C}
		{945DFA90-0E96-357A-B335-BB1B27E2A311} = {945DFA90-0E96-357A-B335-BB1B27E2A311}
		{2DCF0A5B-9B40-3A36-B55B-ABD4F9D20428} = {2DCF0A5B-9B40-3A36-B55B-ABD4F9D20428}
	EndProjectSection
EndProject
Project("{8BC9CEB8-8B4A-11D0-8D11-00A0C91BC942}") = "tutorial03_matrices", "tutorial03_matrices.vcxproj", "{BE2C8922-7496-317E-BCB5-EA3E01F5EFB1}"
	ProjectSection(ProjectDependencies) = postProject
		{10394F7E-4CB2-3168-90FE-F6E9C916770C} = {10394F7E-4CB2-3168-90FE-F6E9C916770C}
		{945DFA90-0E96-357A-B335-BB1B27E2A311} = {945DFA90-0E96-357A-B335-BB1B27E2A311}
		{2DCF0A5B-9B40-3A36-B55B-ABD4F9D20428} = {2DCF0A5B-9B40-3A36-B55B-ABD4F9D20428}
	EndProjectSection
EndProject
Project("{8BC9CEB8-8B4A-11D0-8D11-00A0C91BC942}") = "tutorial04_colored_cube", "tutorial04_colored_cube.vcxproj", "{4E2271A4-405B-3B89-A57D-498E41324BFC}"
	ProjectSection(ProjectDependencies) = postProject
		{10394F7E-4CB2-3168-90FE-F6E9C916770C} = {10394F7E-4CB2-3168-90FE-F6E9C916770C}
		{945DFA90-0E96-357A-B335-BB1B27E2A311} = {945DFA90-0E96-357A-B335-BB1B27E2A311}
		{2DCF0A5B-9B40-3A36-B55B-ABD4F9D20428} = {2DCF0A5B-9B40-3A36-B55B-ABD4F9D20428}
	EndProjectSection
EndProject
Project("{8BC9CEB8-8B4A-11D0-8D11-00A0C91BC942}") = "tutorial05_textured_cube", "tutorial05_textured_cube.vcxproj", "{FF4AE947-CB99-3AEE-B975-3582DD226C0E}"
	ProjectSection(ProjectDependencies) = postProject
		{10394F7E-4CB2-3168-90FE-F6E9C916770C} = {10394F7E-4CB2-3168-90FE-F6E9C916770C}
		{945DFA90-0E96-357A-B335-BB1B27E2A311} = {945DFA90-0E96-357A-B335-BB1B27E2A311}
		{2DCF0A5B-9B40-3A36-B55B-ABD4F9D20428} = {2DCF0A5B-9B40-3A36-B55B-ABD4F9D20428}
	EndProjectSection
EndProject
Project("{8BC9CEB8-8B4A-11D0-8D11-00A0C91BC942}") = "tutorial06_keyboard_and_mouse", "tutorial06_keyboard_and_mouse.vcxproj", "{67CC74F8-CB55-338A-92F3-36D8F4BC1D34}"
	ProjectSection(ProjectDependencies) = postProject
		{10394F7E-4CB2-3168-90FE-F6E9C916770C} = {10394F7E-4CB2-3168-90FE-F6E9C916770C}
		{945DFA90-0E96-357A-B335-BB1B27E2A311} = {945DFA90-0E96-357A-B335-BB1B27E2A311}
		{2DCF0A5B-9B40-3A36-B55B-ABD4F9D20428} = {2DCF0A5B-9B40-3A36-B55B-ABD4F9D20428}
	EndProjectSection
EndProject
Project("{8BC9CEB8-8B4A-11D0-8D11-00A0C91BC942}") = "tutorial07_model_loading", "tutorial07_model_loading.vcxproj", "{8193D52F-A12A-309D-A637-5ACB32DC7DBA}"
	ProjectSection(ProjectDependencies) = postProject
		{10394F7E-4CB2-3168-90FE-F6E9C916770C} = {10394F7E-4CB2-3168-90FE-F6E9C916770C}
		{945DFA90-0E96-357A-B335-BB1B27E2A311} = {945DFA90-0E96-357A-B335-BB1B27E2A311}
		{2DCF0A5B-9B40-3A36-B55B-ABD4F9D20428} = {2DCF0A5B-9B40-3A36-B55B-ABD4F9D20428}
	EndProjectSection
EndProject
Project("{8BC9CEB8-8B4A-11D0-8D11-00A0C91BC942}") = "tutorial08_basic_shading", "tutorial08_basic_shading.vcxproj", "{EC82CA87-0789-38B0-9A91-42F5A8049A0D}"
	ProjectSection(ProjectDependencies) = postProject
		{10394F7E-4CB2-3168-90FE-F6E9C916770C} = {10394F7E-4CB2-3168-90FE-F6E9C916770C}
		{945DFA90-0E96-357A-B335-BB1B27E2A311} = {945DFA90-0E96-357A-B335-BB1B27E2A311}
		{2DCF0A5B-9B40-3A36-B55B-ABD4F9D20428} = {2DCF0A5B-9B40-3A36-B55B-ABD4F9D20428}
	EndProjectSection
EndProject
Project("{8BC9CEB8-8B4A-11D0-8D11-00A0C91BC942}") = "tutorial09_AssImp", "tutorial09_AssImp.vcxproj", "{D072279C-FBD4-3B7B-8908-1F986A5E0466}"
	ProjectSection(ProjectDependencies) = postProject
		{10394F7E-4CB2-3168-90FE-F6E9C916770C} = {10394F7E-4CB2-3168-90FE-F6E9C916770C}
		{945DFA90-0E96-357A-B335-BB1B27E2A311} = {945DFA90-0E96-357A-B335-BB1B27E2A311}
		{373C27F5-0DA9-35BC-AFF7-C9DEE06A5397} = {373C27F5-0DA9-35BC-AFF7-C9DEE06A5397}
		{2DCF0A5B-9B40-3A36-B55B-ABD4F9D20428} = {2DCF0A5B-9B40-3A36-B55B-ABD4F9D20428}
		{705909FB-208D-3646-8B2A-034ADE366479} = {705909FB-208D-3646-8B2A-034ADE366479}
	EndProjectSection
EndProject
Project("{8BC9CEB8-8B4A-11D0-8D11-00A0C91BC942}") = "tutorial09_several_objects", "tutorial09_several_objects.vcxproj", "{4EEB8269-69C3-35E5-90F6-745775D3831A}"
	ProjectSection(ProjectDependencies) = postProject
		{10394F7E-4CB2-3168-90FE-F6E9C916770C} = {10394F7E-4CB2-3168-90FE-F6E9C916770C}
		{945DFA90-0E96-357A-B335-BB1B27E2A311} = {945DFA90-0E96-357A-B335-BB1B27E2A311}
		{2DCF0A5B-9B40-3A36-B55B-ABD4F9D20428} = {2DCF0A5B-9B40-3A36-B55B-ABD4F9D20428}
	EndProjectSection
EndProject
Project("{8BC9CEB8-8B4A-11D0-8D11-00A0C91BC942}") = "tutorial09_vbo_indexing", "tutorial09_vbo_indexing.vcxproj", "{1F865B3A-F61A-332D-95FE-C53CFFC9D417}"
	ProjectSection(ProjectDependencies) = postProject
		{10394F7E-4CB2-3168-90FE-F6E9C916770C} = {10394F7E-4CB2-3168-90FE-F6E9C916770C}
		{945DFA90-0E96-357A-B335-BB1B27E2A311} = {945DFA90-0E96-357A-B335-BB1B27E2A311}
		{2DCF0A5B-9B40-3A36-B55B-ABD4F9D20428} = {2DCF0A5B-9B40-3A36-B55B-ABD4F9D20428}
	EndProjectSection
EndProject
Project("{8BC9CEB8-8B4A-11D0-8D11-00A0C91BC942}") = "tutorial10_transparency", "tutorial10_transparency.vcxproj", "{1060F471-7D48-36E5-8394-B17FF22AB75F}"
	ProjectSection(ProjectDependencies) = postProject
		{10394F7E-4CB2-3168-90FE-F6E9C916770C} = {10394F7E-4CB2-3168-90FE-F6E9C916770C}
		{945DFA90-0E96-357A-B335-BB1B27E2A311} = {945DFA90-0E96-357A-B335-BB1B27E2A311}
		{2DCF0A5B-9B40-3A36-B55B-ABD4F9D20428} = {2DCF0A5B-9B40-3A36-B55B-ABD4F9D20428}
	EndProjectSection
EndProject
Project("{8BC9CEB8-8B4A-11D0-8D11-00A0C91BC942}") = "tutorial11_2d_fonts", "tutorial11_2d_fonts.vcxproj", "{9F3D6CF2-F66C-32CD-AA8F-5625A32D535B}"
	ProjectSection(ProjectDependencies) = postProject
		{10394F7E-4CB2-3168-90FE-F6E9C916770C} = {10394F7E-4CB2-3168-90FE-F6E9C916770C}
		{945DFA90-0E96-357A-B335-BB1B27E2A311} = {945DFA90-0E96-357A-B335-BB1B27E2A311}
		{2DCF0A5B-9B40-3A36-B55B-ABD4F9D20428} = {2DCF0A5B-9B40-3A36-B55B-ABD4F9D20428}
	EndProjectSection
EndProject
Project("{8BC9CEB8-8B4A-11D0-8D11-00A0C91BC942}") = "tutorial12_extensions", "tutorial12_extensions.vcxproj", "{46D97C74-0802-34A4-812E-AA54C4EC652E}"
	ProjectSection(ProjectDependencies) = postProject
		{10394F7E-4CB2-3168-90FE-F6E9C916770C} = {10394F7E-4CB2-3168-90FE-F6E9C916770C}
		{945DFA90-0E96-357A-B335-BB1B27E2A311} = {945DFA90-0E96-357A-B335-BB1B27E2A311}
		{2DCF0A5B-9B40-3A36-B55B-ABD4F9D20428} = {2DCF0A5B-9B40-3A36-B55B-ABD4F9D20428}
	EndProjectSection
EndProject
Project("{8BC9CEB8-8B4A-11D0-8D11-00A0C91BC942}") = "tutorial13_normal_mapping", "tutorial13_normal_mapping.vcxproj", "{CECA2B6D-9371-3D07-920B-C424DABC6868}"
	ProjectSection(ProjectDependencies) = postProject
		{10394F7E-4CB2-3168-90FE-F6E9C916770C} = {10394F7E-4CB2-3168-90FE-F6E9C916770C}
		{945DFA90-0E96-357A-B335-BB1B27E2A311} = {945DFA90-0E96-357A-B335-BB1B27E2A311}
		{2DCF0A5B-9B40-3A36-B55B-ABD4F9D20428} = {2DCF0A5B-9B40-3A36-B55B-ABD4F9D20428}
	EndProjectSection
EndProject
Project("{8BC9CEB8-8B4A-11D0-8D11-00A0C91BC942}") = "tutorial14_render_to_texture", "tutorial14_render_to_texture.vcxproj", "{E01BD4F4-4A9F-31F2-B39F-15CF5A08DA6E}"
	ProjectSection(ProjectDependencies) = postProject
		{10394F7E-4CB2-3168-90FE-F6E9C916770C} = {10394F7E-4CB2-3168-90FE-F6E9C916770C}
		{945DFA90-0E96-357A-B335-BB1B27E2A311} = {945DFA90-0E96-357A-B335-BB1B27E2A311}
		{2DCF0A5B-9B40-3A36-B55B-ABD4F9D20428} = {2DCF0A5B-9B40-3A36-B55B-ABD4F9D20428}
	EndProjectSection
EndProject
Project("{8BC9CEB8-8B4A-11D0-8D11-00A0C91BC942}") = "tutorial15_lightmaps", "tutorial15_lightmaps.vcxproj", "{9A824D70-F2C8-3D86-9C98-20A0039A5233}"
	ProjectSection(ProjectDependencies) = postProject
		{10394F7E-4CB2-3168-90FE-F6E9C916770C} = {10394F7E-4CB2-3168-90FE-F6E9C916770C}
		{945DFA90-0E96-357A-B335-BB1B27E2A311} = {945DFA90-0E96-357A-B335-BB1B27E2A311}
		{2DCF0A5B-9B40-3A36-B55B-ABD4F9D20428} = {2DCF0A5B-9B40-3A36-B55B-ABD4F9D20428}
	EndProjectSection
EndProject
Project("{8BC9CEB8-8B4A-11D0-8D11-00A0C91BC942}") = "tutorial16_shadowmaps", "tutorial16_shadowmaps.vcxproj", "{7DE64328-FE53-31A8-ABDC-FD3AF793199A}"
	ProjectSection(ProjectDependencies) = postProject
		{10394F7E-4CB2-3168-90FE-F6E9C916770C} = {10394F7E-4CB2-3168-90FE-F6E9C916770C}
		{945DFA90-0E96-357A-B335-BB1B27E2A311} = {945DFA90-0E96-357A-B335-BB1B27E2A311}
		{2DCF0A5B-9B40-3A36-B55B-ABD4F9D20428} = {2DCF0A5B-9B40-3A36-B55B-ABD4F9D20428}
	EndProjectSection
EndProject
Project("{8BC9CEB8-8B4A-11D0-8D11-00A0C91BC942}") = "tutorial16_shadowmaps_simple", "tutorial16_shadowmaps_simple.vcxproj", "{03AF62E9-B03F-3AFE-8F77-C214EE33E599}"
	ProjectSection(ProjectDependencies) = postProject
		{10394F7E-4CB2-3168-90FE-F6E9C916770C} = {10394F7E-4CB2-3168-90FE-F6E9C916770C}
		{945DFA90-0E96-357A-B335-BB1B27E2A311} = {945DFA90-0E96-357A-B335-BB1B27E2A311}
		{2DCF0A5B-9B40-3A36-B55B-ABD4F9D20428} = {2DCF0A5B-9B40-3A36-B55B-ABD4F9D20428}
	EndProjectSection
EndProject
Project("{8BC9CEB8-8B4A-11D0-8D11-00A0C91BC942}") = "tutorial17_rotations", "tutorial17_rotations.vcxproj", "{6C3F3682-A915-348A-BF63-58C3210F5334}"
	ProjectSection(ProjectDependencies) = postProject
		{55F0682C-20F9-36ED-B882-C3816D89FAAB} = {55F0682C-20F9-36ED-B882-C3816D89FAAB}
		{10394F7E-4CB2-3168-90FE-F6E9C916770C} = {10394F7E-4CB2-3168-90FE-F6E9C916770C}
		{945DFA90-0E96-357A-B335-BB1B27E2A311} = {945DFA90-0E96-357A-B335-BB1B27E2A311}
		{2DCF0A5B-9B40-3A36-B55B-ABD4F9D20428} = {2DCF0A5B-9B40-3A36-B55B-ABD4F9D20428}
	EndProjectSection
EndProject
Project("{8BC9CEB8-8B4A-11D0-8D11-00A0C91BC942}") = "tutorial18_billboards", "tutorial18_billboards.vcxproj", "{2C48651A-1367-32CE-95B3-36E8CB415FF7}"
	ProjectSection(ProjectDependencies) = postProject
		{10394F7E-4CB2-3168-90FE-F6E9C916770C} = {10394F7E-4CB2-3168-90FE-F6E9C916770C}
		{945DFA90-0E96-357A-B335-BB1B27E2A311} = {945DFA90-0E96-357A-B335-BB1B27E2A311}
		{2DCF0A5B-9B40-3A36-B55B-ABD4F9D20428} = {2DCF0A5B-9B40-3A36-B55B-ABD4F9D20428}
	EndProjectSection
EndProject
Project("{8BC9CEB8-8B4A-11D0-8D11-00A0C91BC942}") = "tutorial18_particles", "tutorial18_particles.vcxproj", "{59E5A534-9FCC-3670-82E1-02DFB8712D77}"
	ProjectSection(ProjectDependencies) = postProject
		{10394F7E-4CB2-3168-90FE-F6E9C916770C} = {10394F7E-4CB2-3168-90FE-F6E9C916770C}
		{945DFA90-0E96-357A-B335-BB1B27E2A311} = {945DFA90-0E96-357A-B335-BB1B27E2A311}
		{2DCF0A5B-9B40-3A36-B55B-ABD4F9D20428} = {2DCF0A5B-9B40-3A36-B55B-ABD4F9D20428}
	EndProjectSection
EndProject
Project("{8BC9CEB8-8B4A-11D0-8D11-00A0C91BC942}") = "uninstall", "external\glfw-3.1.2\uninstall.vcxproj", "{176DA99D-998C-3149-9A21-4DC3B0D0A1EB}"
	ProjectSection(ProjectDependencies) = postProject
		{945DFA90-0E96-357A-B335-BB1B27E2A311} = {945DFA90-0E96-357A-B335-BB1B27E2A311}
	EndProjectSection
EndProject
Project("{8BC9CEB8-8B4A-11D0-8D11-00A0C91BC942}") = "wave", "external\glfw-3.1.2\examples\wave.vcxproj", "{89D0B400-4A29-3639-ADD8-8D577FE6A415}"
	ProjectSection(ProjectDependencies) = postProject
		{945DFA90-0E96-357A-B335-BB1B27E2A311} = {945DFA90-0E96-357A-B335-BB1B27E2A311}
		{2DCF0A5B-9B40-3A36-B55B-ABD4F9D20428} = {2DCF0A5B-9B40-3A36-B55B-ABD4F9D20428}
	EndProjectSection
EndProject
Project("{8BC9CEB8-8B4A-11D0-8D11-00A0C91BC942}") = "windows", "external\glfw-3.1.2\tests\windows.vcxproj", "{C3C0C79F-A5D7-3BD0-B7FD-63B53B3C7468}"
	ProjectSection(ProjectDependencies) = postProject
		{945DFA90-0E96-357A-B335-BB1B27E2A311} = {945DFA90-0E96-357A-B335-BB1B27E2A311}
		{2DCF0A5B-9B40-3A36-B55B-ABD4F9D20428} = {2DCF0A5B-9B40-3A36-B55B-ABD4F9D20428}
	EndProjectSection
EndProject
Project("{8BC9CEB8-8B4A-11D0-8D11-00A0C91BC942}") = "zlib", "external\assimp-3.0.1270\contrib\zlib\zlib.vcxproj", "{705909FB-208D-3646-8B2A-034ADE366479}"
	ProjectSection(ProjectDependencies) = postProject
		{945DFA90-0E96-357A-B335-BB1B27E2A311} = {945DFA90-0E96-357A-B335-BB1B27E2A311}
	EndProjectSection
EndProject
Global
	GlobalSection(SolutionConfigurationPlatforms) = preSolution
		Debug|Win32 = Debug|Win32
		Release|Win32 = Release|Win32
		MinSizeRel|Win32 = MinSizeRel|Win32
		RelWithDebInfo|Win32 = RelWithDebInfo|Win32
	EndGlobalSection
	GlobalSection(ProjectConfigurationPlatforms) = postSolution
		{CD7AC95F-9C58-3529-904B-B0E7BCBCC977}.Debug|Win32.ActiveCfg = Debug|Win32
		{CD7AC95F-9C58-3529-904B-B0E7BCBCC977}.Debug|Win32.Build.0 = Debug|Win32
		{CD7AC95F-9C58-3529-904B-B0E7BCBCC977}.Release|Win32.ActiveCfg = Release|Win32
		{CD7AC95F-9C58-3529-904B-B0E7BCBCC977}.Release|Win32.Build.0 = Release|Win32
		{CD7AC95F-9C58-3529-904B-B0E7BCBCC977}.MinSizeRel|Win32.ActiveCfg = MinSizeRel|Win32
		{CD7AC95F-9C58-3529-904B-B0E7BCBCC977}.MinSizeRel|Win32.Build.0 = MinSizeRel|Win32
		{CD7AC95F-9C58-3529-904B-B0E7BCBCC977}.RelWithDebInfo|Win32.ActiveCfg = RelWithDebInfo|Win32
		{CD7AC95F-9C58-3529-904B-B0E7BCBCC977}.RelWithDebInfo|Win32.Build.0 = RelWithDebInfo|Win32
		{55F0682C-20F9-36ED-B882-C3816D89FAAB}.Debug|Win32.ActiveCfg = Debug|Win32
		{55F0682C-20F9-36ED-B882-C3816D89FAAB}.Debug|Win32.Build.0 = Debug|Win32
		{55F0682C-20F9-36ED-B882-C3816D89FAAB}.Release|Win32.ActiveCfg = Release|Win32
		{55F0682C-20F9-36ED-B882-C3816D89FAAB}.Release|Win32.Build.0 = Release|Win32
		{55F0682C-20F9-36ED-B882-C3816D89FAAB}.MinSizeRel|Win32.ActiveCfg = MinSizeRel|Win32
		{55F0682C-20F9-36ED-B882-C3816D89FAAB}.MinSizeRel|Win32.Build.0 = MinSizeRel|Win32
		{55F0682C-20F9-36ED-B882-C3816D89FAAB}.RelWithDebInfo|Win32.ActiveCfg = RelWithDebInfo|Win32
		{55F0682C-20F9-36ED-B882-C3816D89FAAB}.RelWithDebInfo|Win32.Build.0 = RelWithDebInfo|Win32
		{A89961F9-D4D3-3BB3-A05B-6F612232832F}.Debug|Win32.ActiveCfg = Debug|Win32
		{A89961F9-D4D3-3BB3-A05B-6F612232832F}.Debug|Win32.Build.0 = Debug|Win32
		{A89961F9-D4D3-3BB3-A05B-6F612232832F}.Release|Win32.ActiveCfg = Release|Win32
		{A89961F9-D4D3-3BB3-A05B-6F612232832F}.Release|Win32.Build.0 = Release|Win32
		{A89961F9-D4D3-3BB3-A05B-6F612232832F}.MinSizeRel|Win32.ActiveCfg = MinSizeRel|Win32
		{A89961F9-D4D3-3BB3-A05B-6F612232832F}.MinSizeRel|Win32.Build.0 = MinSizeRel|Win32
		{A89961F9-D4D3-3BB3-A05B-6F612232832F}.RelWithDebInfo|Win32.ActiveCfg = RelWithDebInfo|Win32
		{A89961F9-D4D3-3BB3-A05B-6F612232832F}.RelWithDebInfo|Win32.Build.0 = RelWithDebInfo|Win32
		{BC9B7054-4E20-361D-AFB6-84098A78F9C3}.Debug|Win32.ActiveCfg = Debug|Win32
		{BC9B7054-4E20-361D-AFB6-84098A78F9C3}.Debug|Win32.Build.0 = Debug|Win32
		{BC9B7054-4E20-361D-AFB6-84098A78F9C3}.Release|Win32.ActiveCfg = Release|Win32
		{BC9B7054-4E20-361D-AFB6-84098A78F9C3}.Release|Win32.Build.0 = Release|Win32
		{BC9B7054-4E20-361D-AFB6-84098A78F9C3}.MinSizeRel|Win32.ActiveCfg = MinSizeRel|Win32
		{BC9B7054-4E20-361D-AFB6-84098A78F9C3}.MinSizeRel|Win32.Build.0 = MinSizeRel|Win32
		{BC9B7054-4E20-361D-AFB6-84098A78F9C3}.RelWithDebInfo|Win32.ActiveCfg = RelWithDebInfo|Win32
		{BC9B7054-4E20-361D-AFB6-84098A78F9C3}.RelWithDebInfo|Win32.Build.0 = RelWithDebInfo|Win32
		{4C338095-E369-3D09-979F-7688AB46ACE8}.Debug|Win32.ActiveCfg = Debug|Win32
		{4C338095-E369-3D09-979F-7688AB46ACE8}.Debug|Win32.Build.0 = Debug|Win32
		{4C338095-E369-3D09-979F-7688AB46ACE8}.Release|Win32.ActiveCfg = Release|Win32
		{4C338095-E369-3D09-979F-7688AB46ACE8}.Release|Win32.Build.0 = Release|Win32
		{4C338095-E369-3D09-979F-7688AB46ACE8}.MinSizeRel|Win32.ActiveCfg = MinSizeRel|Win32
		{4C338095-E369-3D09-979F-7688AB46ACE8}.MinSizeRel|Win32.Build.0 = MinSizeRel|Win32
		{4C338095-E369-3D09-979F-7688AB46ACE8}.RelWithDebInfo|Win32.ActiveCfg = RelWithDebInfo|Win32
		{4C338095-E369-3D09-979F-7688AB46ACE8}.RelWithDebInfo|Win32.Build.0 = RelWithDebInfo|Win32
		{10394F7E-4CB2-3168-90FE-F6E9C916770C}.Debug|Win32.ActiveCfg = Debug|Win32
		{10394F7E-4CB2-3168-90FE-F6E9C916770C}.Debug|Win32.Build.0 = Debug|Win32
		{10394F7E-4CB2-3168-90FE-F6E9C916770C}.Release|Win32.ActiveCfg = Release|Win32
		{10394F7E-4CB2-3168-90FE-F6E9C916770C}.Release|Win32.Build.0 = Release|Win32
		{10394F7E-4CB2-3168-90FE-F6E9C916770C}.MinSizeRel|Win32.ActiveCfg = MinSizeRel|Win32
		{10394F7E-4CB2-3168-90FE-F6E9C916770C}.MinSizeRel|Win32.Build.0 = MinSizeRel|Win32
		{10394F7E-4CB2-3168-90FE-F6E9C916770C}.RelWithDebInfo|Win32.ActiveCfg = RelWithDebInfo|Win32
		{10394F7E-4CB2-3168-90FE-F6E9C916770C}.RelWithDebInfo|Win32.Build.0 = RelWithDebInfo|Win32
		{CA4A78B3-B901-3ED2-AC3A-BD2F335A6E41}.Debug|Win32.ActiveCfg = Debug|Win32
		{CA4A78B3-B901-3ED2-AC3A-BD2F335A6E41}.Release|Win32.ActiveCfg = Release|Win32
		{CA4A78B3-B901-3ED2-AC3A-BD2F335A6E41}.MinSizeRel|Win32.ActiveCfg = MinSizeRel|Win32
		{CA4A78B3-B901-3ED2-AC3A-BD2F335A6E41}.RelWithDebInfo|Win32.ActiveCfg = RelWithDebInfo|Win32
		{786ABEA1-22E4-3DBD-B6CB-7D566FD3B1D0}.Debug|Win32.ActiveCfg = Debug|Win32
		{786ABEA1-22E4-3DBD-B6CB-7D566FD3B1D0}.Debug|Win32.Build.0 = Debug|Win32
		{786ABEA1-22E4-3DBD-B6CB-7D566FD3B1D0}.Release|Win32.ActiveCfg = Release|Win32
		{786ABEA1-22E4-3DBD-B6CB-7D566FD3B1D0}.Release|Win32.Build.0 = Release|Win32
		{786ABEA1-22E4-3DBD-B6CB-7D566FD3B1D0}.MinSizeRel|Win32.ActiveCfg = MinSizeRel|Win32
		{786ABEA1-22E4-3DBD-B6CB-7D566FD3B1D0}.MinSizeRel|Win32.Build.0 = MinSizeRel|Win32
		{786ABEA1-22E4-3DBD-B6CB-7D566FD3B1D0}.RelWithDebInfo|Win32.ActiveCfg = RelWithDebInfo|Win32
		{786ABEA1-22E4-3DBD-B6CB-7D566FD3B1D0}.RelWithDebInfo|Win32.Build.0 = RelWithDebInfo|Win32
		{945DFA90-0E96-357A-B335-BB1B27E2A311}.Debug|Win32.ActiveCfg = Debug|Win32
		{945DFA90-0E96-357A-B335-BB1B27E2A311}.Debug|Win32.Build.0 = Debug|Win32
		{945DFA90-0E96-357A-B335-BB1B27E2A311}.Release|Win32.ActiveCfg = Release|Win32
		{945DFA90-0E96-357A-B335-BB1B27E2A311}.Release|Win32.Build.0 = Release|Win32
		{945DFA90-0E96-357A-B335-BB1B27E2A311}.MinSizeRel|Win32.ActiveCfg = MinSizeRel|Win32
		{945DFA90-0E96-357A-B335-BB1B27E2A311}.MinSizeRel|Win32.Build.0 = MinSizeRel|Win32
		{945DFA90-0E96-357A-B335-BB1B27E2A311}.RelWithDebInfo|Win32.ActiveCfg = RelWithDebInfo|Win32
		{945DFA90-0E96-357A-B335-BB1B27E2A311}.RelWithDebInfo|Win32.Build.0 = RelWithDebInfo|Win32
		{373C27F5-0DA9-35BC-AFF7-C9DEE06A5397}.Debug|Win32.ActiveCfg = Debug|Win32
		{373C27F5-0DA9-35BC-AFF7-C9DEE06A5397}.Debug|Win32.Build.0 = Debug|Win32
		{373C27F5-0DA9-35BC-AFF7-C9DEE06A5397}.Release|Win32.ActiveCfg = Release|Win32
		{373C27F5-0DA9-35BC-AFF7-C9DEE06A5397}.Release|Win32.Build.0 = Release|Win32
		{373C27F5-0DA9-35BC-AFF7-C9DEE06A5397}.MinSizeRel|Win32.ActiveCfg = MinSizeRel|Win32
		{373C27F5-0DA9-35BC-AFF7-C9DEE06A5397}.MinSizeRel|Win32.Build.0 = MinSizeRel|Win32
		{373C27F5-0DA9-35BC-AFF7-C9DEE06A5397}.RelWithDebInfo|Win32.ActiveCfg = RelWithDebInfo|Win32
		{373C27F5-0DA9-35BC-AFF7-C9DEE06A5397}.RelWithDebInfo|Win32.Build.0 = RelWithDebInfo|Win32
		{92005896-6B34-379A-9C3A-8946E3170DC2}.Debug|Win32.ActiveCfg = Debug|Win32
		{92005896-6B34-379A-9C3A-8946E3170DC2}.Debug|Win32.Build.0 = Debug|Win32
		{92005896-6B34-379A-9C3A-8946E3170DC2}.Release|Win32.ActiveCfg = Release|Win32
		{92005896-6B34-379A-9C3A-8946E3170DC2}.Release|Win32.Build.0 = Release|Win32
		{92005896-6B34-379A-9C3A-8946E3170DC2}.MinSizeRel|Win32.ActiveCfg = MinSizeRel|Win32
		{92005896-6B34-379A-9C3A-8946E3170DC2}.MinSizeRel|Win32.Build.0 = MinSizeRel|Win32
		{92005896-6B34-379A-9C3A-8946E3170DC2}.RelWithDebInfo|Win32.ActiveCfg = RelWithDebInfo|Win32
		{92005896-6B34-379A-9C3A-8946E3170DC2}.RelWithDebInfo|Win32.Build.0 = RelWithDebInfo|Win32
		{8C298BC9-D6B7-3E72-9BE3-168FDCDEAD30}.Debug|Win32.ActiveCfg = Debug|Win32
		{8C298BC9-D6B7-3E72-9BE3-168FDCDEAD30}.Debug|Win32.Build.0 = Debug|Win32
		{8C298BC9-D6B7-3E72-9BE3-168FDCDEAD30}.Release|Win32.ActiveCfg = Release|Win32
		{8C298BC9-D6B7-3E72-9BE3-168FDCDEAD30}.Release|Win32.Build.0 = Release|Win32
		{8C298BC9-D6B7-3E72-9BE3-168FDCDEAD30}.MinSizeRel|Win32.ActiveCfg = MinSizeRel|Win32
		{8C298BC9-D6B7-3E72-9BE3-168FDCDEAD30}.MinSizeRel|Win32.Build.0 = MinSizeRel|Win32
		{8C298BC9-D6B7-3E72-9BE3-168FDCDEAD30}.RelWithDebInfo|Win32.ActiveCfg = RelWithDebInfo|Win32
		{8C298BC9-D6B7-3E72-9BE3-168FDCDEAD30}.RelWithDebInfo|Win32.Build.0 = RelWithDebInfo|Win32
		{AFBF4BCD-AA99-3450-9A3D-A26E18E29D5D}.Debug|Win32.ActiveCfg = Debug|Win32
		{AFBF4BCD-AA99-3450-9A3D-A26E18E29D5D}.Debug|Win32.Build.0 = Debug|Win32
		{AFBF4BCD-AA99-3450-9A3D-A26E18E29D5D}.Release|Win32.ActiveCfg = Release|Win32
		{AFBF4BCD-AA99-3450-9A3D-A26E18E29D5D}.Release|Win32.Build.0 = Release|Win32
		{AFBF4BCD-AA99-3450-9A3D-A26E18E29D5D}.MinSizeRel|Win32.ActiveCfg = MinSizeRel|Win32
		{AFBF4BCD-AA99-3450-9A3D-A26E18E29D5D}.MinSizeRel|Win32.Build.0 = MinSizeRel|Win32
		{AFBF4BCD-AA99-3450-9A3D-A26E18E29D5D}.RelWithDebInfo|Win32.ActiveCfg = RelWithDebInfo|Win32
		{AFBF4BCD-AA99-3450-9A3D-A26E18E29D5D}.RelWithDebInfo|Win32.Build.0 = RelWithDebInfo|Win32
		{D1963758-39BA-3975-8C3C-E72C29CB16A6}.Debug|Win32.ActiveCfg = Debug|Win32
		{D1963758-39BA-3975-8C3C-E72C29CB16A6}.Debug|Win32.Build.0 = Debug|Win32
		{D1963758-39BA-3975-8C3C-E72C29CB16A6}.Release|Win32.ActiveCfg = Release|Win32
		{D1963758-39BA-3975-8C3C-E72C29CB16A6}.Release|Win32.Build.0 = Release|Win32
		{D1963758-39BA-3975-8C3C-E72C29CB16A6}.MinSizeRel|Win32.ActiveCfg = MinSizeRel|Win32
		{D1963758-39BA-3975-8C3C-E72C29CB16A6}.MinSizeRel|Win32.Build.0 = MinSizeRel|Win32
		{D1963758-39BA-3975-8C3C-E72C29CB16A6}.RelWithDebInfo|Win32.ActiveCfg = RelWithDebInfo|Win32
		{D1963758-39BA-3975-8C3C-E72C29CB16A6}.RelWithDebInfo|Win32.Build.0 = RelWithDebInfo|Win32
		{1E90FFB1-2CD4-34DE-A57C-F00C45BBEFDA}.Debug|Win32.ActiveCfg = Debug|Win32
		{1E90FFB1-2CD4-34DE-A57C-F00C45BBEFDA}.Debug|Win32.Build.0 = Debug|Win32
		{1E90FFB1-2CD4-34DE-A57C-F00C45BBEFDA}.Release|Win32.ActiveCfg = Release|Win32
		{1E90FFB1-2CD4-34DE-A57C-F00C45BBEFDA}.Release|Win32.Build.0 = Release|Win32
		{1E90FFB1-2CD4-34DE-A57C-F00C45BBEFDA}.MinSizeRel|Win32.ActiveCfg = MinSizeRel|Win32
		{1E90FFB1-2CD4-34DE-A57C-F00C45BBEFDA}.MinSizeRel|Win32.Build.0 = MinSizeRel|Win32
		{1E90FFB1-2CD4-34DE-A57C-F00C45BBEFDA}.RelWithDebInfo|Win32.ActiveCfg = RelWithDebInfo|Win32
		{1E90FFB1-2CD4-34DE-A57C-F00C45BBEFDA}.RelWithDebInfo|Win32.Build.0 = RelWithDebInfo|Win32
		{1F87869F-5233-3665-9B88-5D5879F5DDF6}.Debug|Win32.ActiveCfg = Debug|Win32
		{1F87869F-5233-3665-9B88-5D5879F5DDF6}.Debug|Win32.Build.0 = Debug|Win32
		{1F87869F-5233-3665-9B88-5D5879F5DDF6}.Release|Win32.ActiveCfg = Release|Win32
		{1F87869F-5233-3665-9B88-5D5879F5DDF6}.Release|Win32.Build.0 = Release|Win32
		{1F87869F-5233-3665-9B88-5D5879F5DDF6}.MinSizeRel|Win32.ActiveCfg = MinSizeRel|Win32
		{1F87869F-5233-3665-9B88-5D5879F5DDF6}.MinSizeRel|Win32.Build.0 = MinSizeRel|Win32
		{1F87869F-5233-3665-9B88-5D5879F5DDF6}.RelWithDebInfo|Win32.ActiveCfg = RelWithDebInfo|Win32
		{1F87869F-5233-3665-9B88-5D5879F5DDF6}.RelWithDebInfo|Win32.Build.0 = RelWithDebInfo|Win32
		{0D87C9D5-D5AD-3367-A803-E156DD397DAD}.Debug|Win32.ActiveCfg = Debug|Win32
		{0D87C9D5-D5AD-3367-A803-E156DD397DAD}.Debug|Win32.Build.0 = Debug|Win32
		{0D87C9D5-D5AD-3367-A803-E156DD397DAD}.Release|Win32.ActiveCfg = Release|Win32
		{0D87C9D5-D5AD-3367-A803-E156DD397DAD}.Release|Win32.Build.0 = Release|Win32
		{0D87C9D5-D5AD-3367-A803-E156DD397DAD}.MinSizeRel|Win32.ActiveCfg = MinSizeRel|Win32
		{0D87C9D5-D5AD-3367-A803-E156DD397DAD}.MinSizeRel|Win32.Build.0 = MinSizeRel|Win32
		{0D87C9D5-D5AD-3367-A803-E156DD397DAD}.RelWithDebInfo|Win32.ActiveCfg = RelWithDebInfo|Win32
		{0D87C9D5-D5AD-3367-A803-E156DD397DAD}.RelWithDebInfo|Win32.Build.0 = RelWithDebInfo|Win32
		{2DCF0A5B-9B40-3A36-B55B-ABD4F9D20428}.Debug|Win32.ActiveCfg = Debug|Win32
		{2DCF0A5B-9B40-3A36-B55B-ABD4F9D20428}.Debug|Win32.Build.0 = Debug|Win32
		{2DCF0A5B-9B40-3A36-B55B-ABD4F9D20428}.Release|Win32.ActiveCfg = Release|Win32
		{2DCF0A5B-9B40-3A36-B55B-ABD4F9D20428}.Release|Win32.Build.0 = Release|Win32
		{2DCF0A5B-9B40-3A36-B55B-ABD4F9D20428}.MinSizeRel|Win32.ActiveCfg = MinSizeRel|Win32
		{2DCF0A5B-9B40-3A36-B55B-ABD4F9D20428}.MinSizeRel|Win32.Build.0 = MinSizeRel|Win32
		{2DCF0A5B-9B40-3A36-B55B-ABD4F9D20428}.RelWithDebInfo|Win32.ActiveCfg = RelWithDebInfo|Win32
		{2DCF0A5B-9B40-3A36-B55B-ABD4F9D20428}.RelWithDebInfo|Win32.Build.0 = RelWithDebInfo|Win32
		{60DD4EE7-9E27-377A-BA07-4A87C614CC60}.Debug|Win32.ActiveCfg = Debug|Win32
		{60DD4EE7-9E27-377A-BA07-4A87C614CC60}.Debug|Win32.Build.0 = Debug|Win32
		{60DD4EE7-9E27-377A-BA07-4A87C614CC60}.Release|Win32.ActiveCfg = Release|Win32
		{60DD4EE7-9E27-377A-BA07-4A87C614CC60}.Release|Win32.Build.0 = Release|Win32
		{60DD4EE7-9E27-377A-BA07-4A87C614CC60}.MinSizeRel|Win32.ActiveCfg = MinSizeRel|Win32
		{60DD4EE7-9E27-377A-BA07-4A87C614CC60}.MinSizeRel|Win32.Build.0 = MinSizeRel|Win32
		{60DD4EE7-9E27-377A-BA07-4A87C614CC60}.RelWithDebInfo|Win32.ActiveCfg = RelWithDebInfo|Win32
		{60DD4EE7-9E27-377A-BA07-4A87C614CC60}.RelWithDebInfo|Win32.Build.0 = RelWithDebInfo|Win32
		{304087A2-1E33-34A4-B3E5-B397FFD49529}.Debug|Win32.ActiveCfg = Debug|Win32
		{304087A2-1E33-34A4-B3E5-B397FFD49529}.Debug|Win32.Build.0 = Debug|Win32
		{304087A2-1E33-34A4-B3E5-B397FFD49529}.Release|Win32.ActiveCfg = Release|Win32
		{304087A2-1E33-34A4-B3E5-B397FFD49529}.Release|Win32.Build.0 = Release|Win32
		{304087A2-1E33-34A4-B3E5-B397FFD49529}.MinSizeRel|Win32.ActiveCfg = MinSizeRel|Win32
		{304087A2-1E33-34A4-B3E5-B397FFD49529}.MinSizeRel|Win32.Build.0 = MinSizeRel|Win32
		{304087A2-1E33-34A4-B3E5-B397FFD49529}.RelWithDebInfo|Win32.ActiveCfg = RelWithDebInfo|Win32
		{304087A2-1E33-34A4-B3E5-B397FFD49529}.RelWithDebInfo|Win32.Build.0 = RelWithDebInfo|Win32
		{9D318B57-CDFA-394E-8548-CDD86421A558}.Debug|Win32.ActiveCfg = Debug|Win32
		{9D318B57-CDFA-394E-8548-CDD86421A558}.Debug|Win32.Build.0 = Debug|Win32
		{9D318B57-CDFA-394E-8548-CDD86421A558}.Release|Win32.ActiveCfg = Release|Win32
		{9D318B57-CDFA-394E-8548-CDD86421A558}.Release|Win32.Build.0 = Release|Win32
		{9D318B57-CDFA-394E-8548-CDD86421A558}.MinSizeRel|Win32.ActiveCfg = MinSizeRel|Win32
		{9D318B57-CDFA-394E-8548-CDD86421A558}.MinSizeRel|Win32.Build.0 = MinSizeRel|Win32
		{9D318B57-CDFA-394E-8548-CDD86421A558}.RelWithDebInfo|Win32.ActiveCfg = RelWithDebInfo|Win32
		{9D318B57-CDFA-394E-8548-CDD86421A558}.RelWithDebInfo|Win32.Build.0 = RelWithDebInfo|Win32
		{564842DA-8967-3520-B562-C6DC287FBFEE}.Debug|Win32.ActiveCfg = Debug|Win32
		{564842DA-8967-3520-B562-C6DC287FBFEE}.Debug|Win32.Build.0 = Debug|Win32
		{564842DA-8967-3520-B562-C6DC287FBFEE}.Release|Win32.ActiveCfg = Release|Win32
		{564842DA-8967-3520-B562-C6DC287FBFEE}.Release|Win32.Build.0 = Release|Win32
		{564842DA-8967-3520-B562-C6DC287FBFEE}.MinSizeRel|Win32.ActiveCfg = MinSizeRel|Win32
		{564842DA-8967-3520-B562-C6DC287FBFEE}.MinSizeRel|Win32.Build.0 = MinSizeRel|Win32
		{564842DA-8967-3520-B562-C6DC287FBFEE}.RelWithDebInfo|Win32.ActiveCfg = RelWithDebInfo|Win32
		{564842DA-8967-3520-B562-C6DC287FBFEE}.RelWithDebInfo|Win32.Build.0 = RelWithDebInfo|Win32
		{A1BC60FD-CCAC-3379-B8AF-B4EF930C8380}.Debug|Win32.ActiveCfg = Debug|Win32
		{A1BC60FD-CCAC-3379-B8AF-B4EF930C8380}.Debug|Win32.Build.0 = Debug|Win32
		{A1BC60FD-CCAC-3379-B8AF-B4EF930C8380}.Release|Win32.ActiveCfg = Release|Win32
		{A1BC60FD-CCAC-3379-B8AF-B4EF930C8380}.Release|Win32.Build.0 = Release|Win32
		{A1BC60FD-CCAC-3379-B8AF-B4EF930C8380}.MinSizeRel|Win32.ActiveCfg = MinSizeRel|Win32
		{A1BC60FD-CCAC-3379-B8AF-B4EF930C8380}.MinSizeRel|Win32.Build.0 = MinSizeRel|Win32
		{A1BC60FD-CCAC-3379-B8AF-B4EF930C8380}.RelWithDebInfo|Win32.ActiveCfg = RelWithDebInfo|Win32
		{A1BC60FD-CCAC-3379-B8AF-B4EF930C8380}.RelWithDebInfo|Win32.Build.0 = RelWithDebInfo|Win32
		{498D5EA5-04E4-37A3-A24E-D5A2B57197FC}.Debug|Win32.ActiveCfg = Debug|Win32
		{498D5EA5-04E4-37A3-A24E-D5A2B57197FC}.Debug|Win32.Build.0 = Debug|Win32
		{498D5EA5-04E4-37A3-A24E-D5A2B57197FC}.Release|Win32.ActiveCfg = Release|Win32
		{498D5EA5-04E4-37A3-A24E-D5A2B57197FC}.Release|Win32.Build.0 = Release|Win32
		{498D5EA5-04E4-37A3-A24E-D5A2B57197FC}.MinSizeRel|Win32.ActiveCfg = MinSizeRel|Win32
		{498D5EA5-04E4-37A3-A24E-D5A2B57197FC}.MinSizeRel|Win32.Build.0 = MinSizeRel|Win32
		{498D5EA5-04E4-37A3-A24E-D5A2B57197FC}.RelWithDebInfo|Win32.ActiveCfg = RelWithDebInfo|Win32
		{498D5EA5-04E4-37A3-A24E-D5A2B57197FC}.RelWithDebInfo|Win32.Build.0 = RelWithDebInfo|Win32
		{83EB83F1-17F6-31A4-9594-250128393B0C}.Debug|Win32.ActiveCfg = Debug|Win32
		{83EB83F1-17F6-31A4-9594-250128393B0C}.Debug|Win32.Build.0 = Debug|Win32
		{83EB83F1-17F6-31A4-9594-250128393B0C}.Release|Win32.ActiveCfg = Release|Win32
		{83EB83F1-17F6-31A4-9594-250128393B0C}.Release|Win32.Build.0 = Release|Win32
		{83EB83F1-17F6-31A4-9594-250128393B0C}.MinSizeRel|Win32.ActiveCfg = MinSizeRel|Win32
		{83EB83F1-17F6-31A4-9594-250128393B0C}.MinSizeRel|Win32.Build.0 = MinSizeRel|Win32
		{83EB83F1-17F6-31A4-9594-250128393B0C}.RelWithDebInfo|Win32.ActiveCfg = RelWithDebInfo|Win32
		{83EB83F1-17F6-31A4-9594-250128393B0C}.RelWithDebInfo|Win32.Build.0 = RelWithDebInfo|Win32
		{0E13BA33-96B4-37F7-B7B3-0A84E7F670BD}.Debug|Win32.ActiveCfg = Debug|Win32
		{0E13BA33-96B4-37F7-B7B3-0A84E7F670BD}.Debug|Win32.Build.0 = Debug|Win32
		{0E13BA33-96B4-37F7-B7B3-0A84E7F670BD}.Release|Win32.ActiveCfg = Release|Win32
		{0E13BA33-96B4-37F7-B7B3-0A84E7F670BD}.Release|Win32.Build.0 = Release|Win32
		{0E13BA33-96B4-37F7-B7B3-0A84E7F670BD}.MinSizeRel|Win32.ActiveCfg = MinSizeRel|Win32
		{0E13BA33-96B4-37F7-B7B3-0A84E7F670BD}.MinSizeRel|Win32.Build.0 = MinSizeRel|Win32
		{0E13BA33-96B4-37F7-B7B3-0A84E7F670BD}.RelWithDebInfo|Win32.ActiveCfg = RelWithDebInfo|Win32
		{0E13BA33-96B4-37F7-B7B3-0A84E7F670BD}.RelWithDebInfo|Win32.Build.0 = RelWithDebInfo|Win32
		{A7B3EBDE-9C8F-35EB-A2B1-4CA7C5895EB2}.Debug|Win32.ActiveCfg = Debug|Win32
		{A7B3EBDE-9C8F-35EB-A2B1-4CA7C5895EB2}.Debug|Win32.Build.0 = Debug|Win32
		{A7B3EBDE-9C8F-35EB-A2B1-4CA7C5895EB2}.Release|Win32.ActiveCfg = Release|Win32
		{A7B3EBDE-9C8F-35EB-A2B1-4CA7C5895EB2}.Release|Win32.Build.0 = Release|Win32
		{A7B3EBDE-9C8F-35EB-A2B1-4CA7C5895EB2}.MinSizeRel|Win32.ActiveCfg = MinSizeRel|Win32
		{A7B3EBDE-9C8F-35EB-A2B1-4CA7C5895EB2}.MinSizeRel|Win32.Build.0 = MinSizeRel|Win32
		{A7B3EBDE-9C8F-35EB-A2B1-4CA7C5895EB2}.RelWithDebInfo|Win32.ActiveCfg = RelWithDebInfo|Win32
		{A7B3EBDE-9C8F-35EB-A2B1-4CA7C5895EB2}.RelWithDebInfo|Win32.Build.0 = RelWithDebInfo|Win32
		{429B4BE8-63D3-3A9D-AD62-A240EC0F37EE}.Debug|Win32.ActiveCfg = Debug|Win32
		{429B4BE8-63D3-3A9D-AD62-A240EC0F37EE}.Debug|Win32.Build.0 = Debug|Win32
		{429B4BE8-63D3-3A9D-AD62-A240EC0F37EE}.Release|Win32.ActiveCfg = Release|Win32
		{429B4BE8-63D3-3A9D-AD62-A240EC0F37EE}.Release|Win32.Build.0 = Release|Win32
		{429B4BE8-63D3-3A9D-AD62-A240EC0F37EE}.MinSizeRel|Win32.ActiveCfg = MinSizeRel|Win32
		{429B4BE8-63D3-3A9D-AD62-A240EC0F37EE}.MinSizeRel|Win32.Build.0 = MinSizeRel|Win32
		{429B4BE8-63D3-3A9D-AD62-A240EC0F37EE}.RelWithDebInfo|Win32.ActiveCfg = RelWithDebInfo|Win32
		{429B4BE8-63D3-3A9D-AD62-A240EC0F37EE}.RelWithDebInfo|Win32.Build.0 = RelWithDebInfo|Win32
		{C8CB43F1-E9C0-3413-9559-617218B5ADCA}.Debug|Win32.ActiveCfg = Debug|Win32
		{C8CB43F1-E9C0-3413-9559-617218B5ADCA}.Debug|Win32.Build.0 = Debug|Win32
		{C8CB43F1-E9C0-3413-9559-617218B5ADCA}.Release|Win32.ActiveCfg = Release|Win32
		{C8CB43F1-E9C0-3413-9559-617218B5ADCA}.Release|Win32.Build.0 = Release|Win32
		{C8CB43F1-E9C0-3413-9559-617218B5ADCA}.MinSizeRel|Win32.ActiveCfg = MinSizeRel|Win32
		{C8CB43F1-E9C0-3413-9559-617218B5ADCA}.MinSizeRel|Win32.Build.0 = MinSizeRel|Win32
		{C8CB43F1-E9C0-3413-9559-617218B5ADCA}.RelWithDebInfo|Win32.ActiveCfg = RelWithDebInfo|Win32
		{C8CB43F1-E9C0-3413-9559-617218B5ADCA}.RelWithDebInfo|Win32.Build.0 = RelWithDebInfo|Win32
		{C27CC4FF-E2F4-382B-83E2-D94D6262710F}.Debug|Win32.ActiveCfg = Debug|Win32
		{C27CC4FF-E2F4-382B-83E2-D94D6262710F}.Debug|Win32.Build.0 = Debug|Win32
		{C27CC4FF-E2F4-382B-83E2-D94D6262710F}.Release|Win32.ActiveCfg = Release|Win32
		{C27CC4FF-E2F4-382B-83E2-D94D6262710F}.Release|Win32.Build.0 = Release|Win32
		{C27CC4FF-E2F4-382B-83E2-D94D6262710F}.MinSizeRel|Win32.ActiveCfg = MinSizeRel|Win32
		{C27CC4FF-E2F4-382B-83E2-D94D6262710F}.MinSizeRel|Win32.Build.0 = MinSizeRel|Win32
		{C27CC4FF-E2F4-382B-83E2-D94D6262710F}.RelWithDebInfo|Win32.ActiveCfg = RelWithDebInfo|Win32
		{C27CC4FF-E2F4-382B-83E2-D94D6262710F}.RelWithDebInfo|Win32.Build.0 = RelWithDebInfo|Win32
		{F3531AD8-3B01-3463-B481-744BE343B5BB}.Debug|Win32.ActiveCfg = Debug|Win32
		{F3531AD8-3B01-3463-B481-744BE343B5BB}.Debug|Win32.Build.0 = Debug|Win32
		{F3531AD8-3B01-3463-B481-744BE343B5BB}.Release|Win32.ActiveCfg = Release|Win32
		{F3531AD8-3B01-3463-B481-744BE343B5BB}.Release|Win32.Build.0 = Release|Win32
		{F3531AD8-3B01-3463-B481-744BE343B5BB}.MinSizeRel|Win32.ActiveCfg = MinSizeRel|Win32
		{F3531AD8-3B01-3463-B481-744BE343B5BB}.MinSizeRel|Win32.Build.0 = MinSizeRel|Win32
		{F3531AD8-3B01-3463-B481-744BE343B5BB}.RelWithDebInfo|Win32.ActiveCfg = RelWithDebInfo|Win32
		{F3531AD8-3B01-3463-B481-744BE343B5BB}.RelWithDebInfo|Win32.Build.0 = RelWithDebInfo|Win32
		{3A497C4C-66BC-39A4-919F-1CEAB35200C3}.Debug|Win32.ActiveCfg = Debug|Win32
		{3A497C4C-66BC-39A4-919F-1CEAB35200C3}.Debug|Win32.Build.0 = Debug|Win32
		{3A497C4C-66BC-39A4-919F-1CEAB35200C3}.Release|Win32.ActiveCfg = Release|Win32
		{3A497C4C-66BC-39A4-919F-1CEAB35200C3}.Release|Win32.Build.0 = Release|Win32
		{3A497C4C-66BC-39A4-919F-1CEAB35200C3}.MinSizeRel|Win32.ActiveCfg = MinSizeRel|Win32
		{3A497C4C-66BC-39A4-919F-1CEAB35200C3}.MinSizeRel|Win32.Build.0 = MinSizeRel|Win32
		{3A497C4C-66BC-39A4-919F-1CEAB35200C3}.RelWithDebInfo|Win32.ActiveCfg = RelWithDebInfo|Win32
		{3A497C4C-66BC-39A4-919F-1CEAB35200C3}.RelWithDebInfo|Win32.Build.0 = RelWithDebInfo|Win32
		{F5A7E909-6B31-3B38-81C8-DDCEDE42B3E5}.Debug|Win32.ActiveCfg = Debug|Win32
		{F5A7E909-6B31-3B38-81C8-DDCEDE42B3E5}.Debug|Win32.Build.0 = Debug|Win32
		{F5A7E909-6B31-3B38-81C8-DDCEDE42B3E5}.Release|Win32.ActiveCfg = Release|Win32
		{F5A7E909-6B31-3B38-81C8-DDCEDE42B3E5}.Release|Win32.Build.0 = Release|Win32
		{F5A7E909-6B31-3B38-81C8-DDCEDE42B3E5}.MinSizeRel|Win32.ActiveCfg = MinSizeRel|Win32
		{F5A7E909-6B31-3B38-81C8-DDCEDE42B3E5}.MinSizeRel|Win32.Build.0 = MinSizeRel|Win32
		{F5A7E909-6B31-3B38-81C8-DDCEDE42B3E5}.RelWithDebInfo|Win32.ActiveCfg = RelWithDebInfo|Win32
		{F5A7E909-6B31-3B38-81C8-DDCEDE42B3E5}.RelWithDebInfo|Win32.Build.0 = RelWithDebInfo|Win32
		{10CF3073-93F4-3435-B7F4-B771DBAE6D0A}.Debug|Win32.ActiveCfg = Debug|Win32
		{10CF3073-93F4-3435-B7F4-B771DBAE6D0A}.Debug|Win32.Build.0 = Debug|Win32
		{10CF3073-93F4-3435-B7F4-B771DBAE6D0A}.Release|Win32.ActiveCfg = Release|Win32
		{10CF3073-93F4-3435-B7F4-B771DBAE6D0A}.Release|Win32.Build.0 = Release|Win32
		{10CF3073-93F4-3435-B7F4-B771DBAE6D0A}.MinSizeRel|Win32.ActiveCfg = MinSizeRel|Win32
		{10CF3073-93F4-3435-B7F4-B771DBAE6D0A}.MinSizeRel|Win32.Build.0 = MinSizeRel|Win32
		{10CF3073-93F4-3435-B7F4-B771DBAE6D0A}.RelWithDebInfo|Win32.ActiveCfg = RelWithDebInfo|Win32
		{10CF3073-93F4-3435-B7F4-B771DBAE6D0A}.RelWithDebInfo|Win32.Build.0 = RelWithDebInfo|Win32
		{BF302E73-A590-3D75-B997-A082E994D177}.Debug|Win32.ActiveCfg = Debug|Win32
		{BF302E73-A590-3D75-B997-A082E994D177}.Debug|Win32.Build.0 = Debug|Win32
		{BF302E73-A590-3D75-B997-A082E994D177}.Release|Win32.ActiveCfg = Release|Win32
		{BF302E73-A590-3D75-B997-A082E994D177}.Release|Win32.Build.0 = Release|Win32
		{BF302E73-A590-3D75-B997-A082E994D177}.MinSizeRel|Win32.ActiveCfg = MinSizeRel|Win32
		{BF302E73-A590-3D75-B997-A082E994D177}.MinSizeRel|Win32.Build.0 = MinSizeRel|Win32
		{BF302E73-A590-3D75-B997-A082E994D177}.RelWithDebInfo|Win32.ActiveCfg = RelWithDebInfo|Win32
		{BF302E73-A590-3D75-B997-A082E994D177}.RelWithDebInfo|Win32.Build.0 = RelWithDebInfo|Win32
		{AF145EE7-95D5-3D4D-98BC-6B94392A8B9A}.Debug|Win32.ActiveCfg = Debug|Win32
		{AF145EE7-95D5-3D4D-98BC-6B94392A8B9A}.Debug|Win32.Build.0 = Debug|Win32
		{AF145EE7-95D5-3D4D-98BC-6B94392A8B9A}.Release|Win32.ActiveCfg = Release|Win32
		{AF145EE7-95D5-3D4D-98BC-6B94392A8B9A}.Release|Win32.Build.0 = Release|Win32
		{AF145EE7-95D5-3D4D-98BC-6B94392A8B9A}.MinSizeRel|Win32.ActiveCfg = MinSizeRel|Win32
		{AF145EE7-95D5-3D4D-98BC-6B94392A8B9A}.MinSizeRel|Win32.Build.0 = MinSizeRel|Win32
		{AF145EE7-95D5-3D4D-98BC-6B94392A8B9A}.RelWithDebInfo|Win32.ActiveCfg = RelWithDebInfo|Win32
		{AF145EE7-95D5-3D4D-98BC-6B94392A8B9A}.RelWithDebInfo|Win32.Build.0 = RelWithDebInfo|Win32
		{EB7DF274-1280-30C5-B83D-8F2719B98C10}.Debug|Win32.ActiveCfg = Debug|Win32
		{EB7DF274-1280-30C5-B83D-8F2719B98C10}.Debug|Win32.Build.0 = Debug|Win32
		{EB7DF274-1280-30C5-B83D-8F2719B98C10}.Release|Win32.ActiveCfg = Release|Win32
		{EB7DF274-1280-30C5-B83D-8F2719B98C10}.Release|Win32.Build.0 = Release|Win32
		{EB7DF274-1280-30C5-B83D-8F2719B98C10}.MinSizeRel|Win32.ActiveCfg = MinSizeRel|Win32
		{EB7DF274-1280-30C5-B83D-8F2719B98C10}.MinSizeRel|Win32.Build.0 = MinSizeRel|Win32
		{EB7DF274-1280-30C5-B83D-8F2719B98C10}.RelWithDebInfo|Win32.ActiveCfg = RelWithDebInfo|Win32
		{EB7DF274-1280-30C5-B83D-8F2719B98C10}.RelWithDebInfo|Win32.Build.0 = RelWithDebInfo|Win32
		{C3B4264F-9DE1-3F5C-A392-FDB33067BAD9}.Debug|Win32.ActiveCfg = Debug|Win32
		{C3B4264F-9DE1-3F5C-A392-FDB33067BAD9}.Debug|Win32.Build.0 = Debug|Win32
		{C3B4264F-9DE1-3F5C-A392-FDB33067BAD9}.Release|Win32.ActiveCfg = Release|Win32
		{C3B4264F-9DE1-3F5C-A392-FDB33067BAD9}.Release|Win32.Build.0 = Release|Win32
		{C3B4264F-9DE1-3F5C-A392-FDB33067BAD9}.MinSizeRel|Win32.ActiveCfg = MinSizeRel|Win32
		{C3B4264F-9DE1-3F5C-A392-FDB33067BAD9}.MinSizeRel|Win32.Build.0 = MinSizeRel|Win32
		{C3B4264F-9DE1-3F5C-A392-FDB33067BAD9}.RelWithDebInfo|Win32.ActiveCfg = RelWithDebInfo|Win32
		{C3B4264F-9DE1-3F5C-A392-FDB33067BAD9}.RelWithDebInfo|Win32.Build.0 = RelWithDebInfo|Win32
		{BE2C8922-7496-317E-BCB5-EA3E01F5EFB1}.Debug|Win32.ActiveCfg = Debug|Win32
		{BE2C8922-7496-317E-BCB5-EA3E01F5EFB1}.Debug|Win32.Build.0 = Debug|Win32
		{BE2C8922-7496-317E-BCB5-EA3E01F5EFB1}.Release|Win32.ActiveCfg = Release|Win32
		{BE2C8922-7496-317E-BCB5-EA3E01F5EFB1}.Release|Win32.Build.0 = Release|Win32
		{BE2C8922-7496-317E-BCB5-EA3E01F5EFB1}.MinSizeRel|Win32.ActiveCfg = MinSizeRel|Win32
		{BE2C8922-7496-317E-BCB5-EA3E01F5EFB1}.MinSizeRel|Win32.Build.0 = MinSizeRel|Win32
		{BE2C8922-7496-317E-BCB5-EA3E01F5EFB1}.RelWithDebInfo|Win32.ActiveCfg = RelWithDebInfo|Win32
		{BE2C8922-7496-317E-BCB5-EA3E01F5EFB1}.RelWithDebInfo|Win32.Build.0 = RelWithDebInfo|Win32
		{4E2271A4-405B-3B89-A57D-498E41324BFC}.Debug|Win32.ActiveCfg = Debug|Win32
		{4E2271A4-405B-3B89-A57D-498E41324BFC}.Debug|Win32.Build.0 = Debug|Win32
		{4E2271A4-405B-3B89-A57D-498E41324BFC}.Release|Win32.ActiveCfg = Release|Win32
		{4E2271A4-405B-3B89-A57D-498E41324BFC}.Release|Win32.Build.0 = Release|Win32
		{4E2271A4-405B-3B89-A57D-498E41324BFC}.MinSizeRel|Win32.ActiveCfg = MinSizeRel|Win32
		{4E2271A4-405B-3B89-A57D-498E41324BFC}.MinSizeRel|Win32.Build.0 = MinSizeRel|Win32
		{4E2271A4-405B-3B89-A57D-498E41324BFC}.RelWithDebInfo|Win32.ActiveCfg = RelWithDebInfo|Win32
		{4E2271A4-405B-3B89-A57D-498E41324BFC}.RelWithDebInfo|Win32.Build.0 = RelWithDebInfo|Win32
		{FF4AE947-CB99-3AEE-B975-3582DD226C0E}.Debug|Win32.ActiveCfg = Debug|Win32
		{FF4AE947-CB99-3AEE-B975-3582DD226C0E}.Debug|Win32.Build.0 = Debug|Win32
		{FF4AE947-CB99-3AEE-B975-3582DD226C0E}.Release|Win32.ActiveCfg = Release|Win32
		{FF4AE947-CB99-3AEE-B975-3582DD226C0E}.Release|Win32.Build.0 = Release|Win32
		{FF4AE947-CB99-3AEE-B975-3582DD226C0E}.MinSizeRel|Win32.ActiveCfg = MinSizeRel|Win32
		{FF4AE947-CB99-3AEE-B975-3582DD226C0E}.MinSizeRel|Win32.Build.0 = MinSizeRel|Win32
		{FF4AE947-CB99-3AEE-B975-3582DD226C0E}.RelWithDebInfo|Win32.ActiveCfg = RelWithDebInfo|Win32
		{FF4AE947-CB99-3AEE-B975-3582DD226C0E}.RelWithDebInfo|Win32.Build.0 = RelWithDebInfo|Win32
		{67CC74F8-CB55-338A-92F3-36D8F4BC1D34}.Debug|Win32.ActiveCfg = Debug|Win32
		{67CC74F8-CB55-338A-92F3-36D8F4BC1D34}.Debug|Win32.Build.0 = Debug|Win32
		{67CC74F8-CB55-338A-92F3-36D8F4BC1D34}.Release|Win32.ActiveCfg = Release|Win32
		{67CC74F8-CB55-338A-92F3-36D8F4BC1D34}.Release|Win32.Build.0 = Release|Win32
		{67CC74F8-CB55-338A-92F3-36D8F4BC1D34}.MinSizeRel|Win32.ActiveCfg = MinSizeRel|Win32
		{67CC74F8-CB55-338A-92F3-36D8F4BC1D34}.MinSizeRel|Win32.Build.0 = MinSizeRel|Win32
		{67CC74F8-CB55-338A-92F3-36D8F4BC1D34}.RelWithDebInfo|Win32.ActiveCfg = RelWithDebInfo|Win32
		{67CC74F8-CB55-338A-92F3-36D8F4BC1D34}.RelWithDebInfo|Win32.Build.0 = RelWithDebInfo|Win32
		{8193D52F-A12A-309D-A637-5ACB32DC7DBA}.Debug|Win32.ActiveCfg = Debug|Win32
		{8193D52F-A12A-309D-A637-5ACB32DC7DBA}.Debug|Win32.Build.0 = Debug|Win32
		{8193D52F-A12A-309D-A637-5ACB32DC7DBA}.Release|Win32.ActiveCfg = Release|Win32
		{8193D52F-A12A-309D-A637-5ACB32DC7DBA}.Release|Win32.Build.0 = Release|Win32
		{8193D52F-A12A-309D-A637-5ACB32DC7DBA}.MinSizeRel|Win32.ActiveCfg = MinSizeRel|Win32
		{8193D52F-A12A-309D-A637-5ACB32DC7DBA}.MinSizeRel|Win32.Build.0 = MinSizeRel|Win32
		{8193D52F-A12A-309D-A637-5ACB32DC7DBA}.RelWithDebInfo|Win32.ActiveCfg = RelWithDebInfo|Win32
		{8193D52F-A12A-309D-A637-5ACB32DC7DBA}.RelWithDebInfo|Win32.Build.0 = RelWithDebInfo|Win32
		{EC82CA87-0789-38B0-9A91-42F5A8049A0D}.Debug|Win32.ActiveCfg = Debug|Win32
		{EC82CA87-0789-38B0-9A91-42F5A8049A0D}.Debug|Win32.Build.0 = Debug|Win32
		{EC82CA87-0789-38B0-9A91-42F5A8049A0D}.Release|Win32.ActiveCfg = Release|Win32
		{EC82CA87-0789-38B0-9A91-42F5A8049A0D}.Release|Win32.Build.0 = Release|Win32
		{EC82CA87-0789-38B0-9A91-42F5A8049A0D}.MinSizeRel|Win32.ActiveCfg = MinSizeRel|Win32
		{EC82CA87-0789-38B0-9A91-42F5A8049A0D}.MinSizeRel|Win32.Build.0 = MinSizeRel|Win32
		{EC82CA87-0789-38B0-9A91-42F5A8049A0D}.RelWithDebInfo|Win32.ActiveCfg = RelWithDebInfo|Win32
		{EC82CA87-0789-38B0-9A91-42F5A8049A0D}.RelWithDebInfo|Win32.Build.0 = RelWithDebInfo|Win32
		{D072279C-FBD4-3B7B-8908-1F986A5E0466}.Debug|Win32.ActiveCfg = Debug|Win32
		{D072279C-FBD4-3B7B-8908-1F986A5E0466}.Debug|Win32.Build.0 = Debug|Win32
		{D072279C-FBD4-3B7B-8908-1F986A5E0466}.Release|Win32.ActiveCfg = Release|Win32
		{D072279C-FBD4-3B7B-8908-1F986A5E0466}.Release|Win32.Build.0 = Release|Win32
		{D072279C-FBD4-3B7B-8908-1F986A5E0466}.MinSizeRel|Win32.ActiveCfg = MinSizeRel|Win32
		{D072279C-FBD4-3B7B-8908-1F986A5E0466}.MinSizeRel|Win32.Build.0 = MinSizeRel|Win32
		{D072279C-FBD4-3B7B-8908-1F986A5E0466}.RelWithDebInfo|Win32.ActiveCfg = RelWithDebInfo|Win32
		{D072279C-FBD4-3B7B-8908-1F986A5E0466}.RelWithDebInfo|Win32.Build.0 = RelWithDebInfo|Win32
		{4EEB8269-69C3-35E5-90F6-745775D3831A}.Debug|Win32.ActiveCfg = Debug|Win32
		{4EEB8269-69C3-35E5-90F6-745775D3831A}.Debug|Win32.Build.0 = Debug|Win32
		{4EEB8269-69C3-35E5-90F6-745775D3831A}.Release|Win32.ActiveCfg = Release|Win32
		{4EEB8269-69C3-35E5-90F6-745775D3831A}.Release|Win32.Build.0 = Release|Win32
		{4EEB8269-69C3-35E5-90F6-745775D3831A}.MinSizeRel|Win32.ActiveCfg = MinSizeRel|Win32
		{4EEB8269-69C3-35E5-90F6-745775D3831A}.MinSizeRel|Win32.Build.0 = MinSizeRel|Win32
		{4EEB8269-69C3-35E5-90F6-745775D3831A}.RelWithDebInfo|Win32.ActiveCfg = RelWithDebInfo|Win32
		{4EEB8269-69C3-35E5-90F6-745775D3831A}.RelWithDebInfo|Win32.Build.0 = RelWithDebInfo|Win32
		{1F865B3A-F61A-332D-95FE-C53CFFC9D417}.Debug|Win32.ActiveCfg = Debug|Win32
		{1F865B3A-F61A-332D-95FE-C53CFFC9D417}.Debug|Win32.Build.0 = Debug|Win32
		{1F865B3A-F61A-332D-95FE-C53CFFC9D417}.Release|Win32.ActiveCfg = Release|Win32
		{1F865B3A-F61A-332D-95FE-C53CFFC9D417}.Release|Win32.Build.0 = Release|Win32
		{1F865B3A-F61A-332D-95FE-C53CFFC9D417}.MinSizeRel|Win32.ActiveCfg = MinSizeRel|Win32
		{1F865B3A-F61A-332D-95FE-C53CFFC9D417}.MinSizeRel|Win32.Build.0 = MinSizeRel|Win32
		{1F865B3A-F61A-332D-95FE-C53CFFC9D417}.RelWithDebInfo|Win32.ActiveCfg = RelWithDebInfo|Win32
		{1F865B3A-F61A-332D-95FE-C53CFFC9D417}.RelWithDebInfo|Win32.Build.0 = RelWithDebInfo|Win32
		{1060F471-7D48-36E5-8394-B17FF22AB75F}.Debug|Win32.ActiveCfg = Debug|Win32
		{1060F471-7D48-36E5-8394-B17FF22AB75F}.Debug|Win32.Build.0 = Debug|Win32
		{1060F471-7D48-36E5-8394-B17FF22AB75F}.Release|Win32.ActiveCfg = Release|Win32
		{1060F471-7D48-36E5-8394-B17FF22AB75F}.Release|Win32.Build.0 = Release|Win32
		{1060F471-7D48-36E5-8394-B17FF22AB75F}.MinSizeRel|Win32.ActiveCfg = MinSizeRel|Win32
		{1060F471-7D48-36E5-8394-B17FF22AB75F}.MinSizeRel|Win32.Build.0 = MinSizeRel|Win32
		{1060F471-7D48-36E5-8394-B17FF22AB75F}.RelWithDebInfo|Win32.ActiveCfg = RelWithDebInfo|Win32
		{1060F471-7D48-36E5-8394-B17FF22AB75F}.RelWithDebInfo|Win32.Build.0 = RelWithDebInfo|Win32
		{9F3D6CF2-F66C-32CD-AA8F-5625A32D535B}.Debug|Win32.ActiveCfg = Debug|Win32
		{9F3D6CF2-F66C-32CD-AA8F-5625A32D535B}.Debug|Win32.Build.0 = Debug|Win32
		{9F3D6CF2-F66C-32CD-AA8F-5625A32D535B}.Release|Win32.ActiveCfg = Release|Win32
		{9F3D6CF2-F66C-32CD-AA8F-5625A32D535B}.Release|Win32.Build.0 = Release|Win32
		{9F3D6CF2-F66C-32CD-AA8F-5625A32D535B}.MinSizeRel|Win32.ActiveCfg = MinSizeRel|Win32
		{9F3D6CF2-F66C-32CD-AA8F-5625A32D535B}.MinSizeRel|Win32.Build.0 = MinSizeRel|Win32
		{9F3D6CF2-F66C-32CD-AA8F-5625A32D535B}.RelWithDebInfo|Win32.ActiveCfg = RelWithDebInfo|Win32
		{9F3D6CF2-F66C-32CD-AA8F-5625A32D535B}.RelWithDebInfo|Win32.Build.0 = RelWithDebInfo|Win32
		{46D97C74-0802-34A4-812E-AA54C4EC652E}.Debug|Win32.ActiveCfg = Debug|Win32
		{46D97C74-0802-34A4-812E-AA54C4EC652E}.Debug|Win32.Build.0 = Debug|Win32
		{46D97C74-0802-34A4-812E-AA54C4EC652E}.Release|Win32.ActiveCfg = Release|Win32
		{46D97C74-0802-34A4-812E-AA54C4EC652E}.Release|Win32.Build.0 = Release|Win32
		{46D97C74-0802-34A4-812E-AA54C4EC652E}.MinSizeRel|Win32.ActiveCfg = MinSizeRel|Win32
		{46D97C74-0802-34A4-812E-AA54C4EC652E}.MinSizeRel|Win32.Build.0 = MinSizeRel|Win32
		{46D97C74-0802-34A4-812E-AA54C4EC652E}.RelWithDebInfo|Win32.ActiveCfg = RelWithDebInfo|Win32
		{46D97C74-0802-34A4-812E-AA54C4EC652E}.RelWithDebInfo|Win32.Build.0 = RelWithDebInfo|Win32
		{CECA2B6D-9371-3D07-920B-C424DABC6868}.Debug|Win32.ActiveCfg = Debug|Win32
		{CECA2B6D-9371-3D07-920B-C424DABC6868}.Debug|Win32.Build.0 = Debug|Win32
		{CECA2B6D-9371-3D07-920B-C424DABC6868}.Release|Win32.ActiveCfg = Release|Win32
		{CECA2B6D-9371-3D07-920B-C424DABC6868}.Release|Win32.Build.0 = Release|Win32
		{CECA2B6D-9371-3D07-920B-C424DABC6868}.MinSizeRel|Win32.ActiveCfg = MinSizeRel|Win32
		{CECA2B6D-9371-3D07-920B-C424DABC6868}.MinSizeRel|Win32.Build.0 = MinSizeRel|Win32
		{CECA2B6D-9371-3D07-920B-C424DABC6868}.RelWithDebInfo|Win32.ActiveCfg = RelWithDebInfo|Win32
		{CECA2B6D-9371-3D07-920B-C424DABC6868}.RelWithDebInfo|Win32.Build.0 = RelWithDebInfo|Win32
		{E01BD4F4-4A9F-31F2-B39F-15CF5A08DA6E}.Debug|Win32.ActiveCfg = Debug|Win32
		{E01BD4F4-4A9F-31F2-B39F-15CF5A08DA6E}.Debug|Win32.Build.0 = Debug|Win32
		{E01BD4F4-4A9F-31F2-B39F-15CF5A08DA6E}.Release|Win32.ActiveCfg = Release|Win32
		{E01BD4F4-4A9F-31F2-B39F-15CF5A08DA6E}.Release|Win32.Build.0 = Release|Win32
		{E01BD4F4-4A9F-31F2-B39F-15CF5A08DA6E}.MinSizeRel|Win32.ActiveCfg = MinSizeRel|Win32
		{E01BD4F4-4A9F-31F2-B39F-15CF5A08DA6E}.MinSizeRel|Win32.Build.0 = MinSizeRel|Win32
		{E01BD4F4-4A9F-31F2-B39F-15CF5A08DA6E}.RelWithDebInfo|Win32.ActiveCfg = RelWithDebInfo|Win32
		{E01BD4F4-4A9F-31F2-B39F-15CF5A08DA6E}.RelWithDebInfo|Win32.Build.0 = RelWithDebInfo|Win32
		{9A824D70-F2C8-3D86-9C98-20A0039A5233}.Debug|Win32.ActiveCfg = Debug|Win32
		{9A824D70-F2C8-3D86-9C98-20A0039A5233}.Debug|Win32.Build.0 = Debug|Win32
		{9A824D70-F2C8-3D86-9C98-20A0039A5233}.Release|Win32.ActiveCfg = Release|Win32
		{9A824D70-F2C8-3D86-9C98-20A0039A5233}.Release|Win32.Build.0 = Release|Win32
		{9A824D70-F2C8-3D86-9C98-20A0039A5233}.MinSizeRel|Win32.ActiveCfg = MinSizeRel|Win32
		{9A824D70-F2C8-3D86-9C98-20A0039A5233}.MinSizeRel|Win32.Build.0 = MinSizeRel|Win32
		{9A824D70-F2C8-3D86-9C98-20A0039A5233}.RelWithDebInfo|Win32.ActiveCfg = RelWithDebInfo|Win32
		{9A824D70-F2C8-3D86-9C98-20A0039A5233}.RelWithDebInfo|Win32.Build.0 = RelWithDebInfo|Win32
		{7DE64328-FE53-31A8-ABDC-FD3AF793199A}.Debug|Win32.ActiveCfg = Debug|Win32
		{7DE64328-FE53-31A8-ABDC-FD3AF793199A}.Debug|Win32.Build.0 = Debug|Win32
		{7DE64328-FE53-31A8-ABDC-FD3AF793199A}.Release|Win32.ActiveCfg = Release|Win32
		{7DE64328-FE53-31A8-ABDC-FD3AF793199A}.Release|Win32.Build.0 = Release|Win32
		{7DE64328-FE53-31A8-ABDC-FD3AF793199A}.MinSizeRel|Win32.ActiveCfg = MinSizeRel|Win32
		{7DE64328-FE53-31A8-ABDC-FD3AF793199A}.MinSizeRel|Win32.Build.0 = MinSizeRel|Win32
		{7DE64328-FE53-31A8-ABDC-FD3AF793199A}.RelWithDebInfo|Win32.ActiveCfg = RelWithDebInfo|Win32
		{7DE64328-FE53-31A8-ABDC-FD3AF793199A}.RelWithDebInfo|Win32.Build.0 = RelWithDebInfo|Win32
		{03AF62E9-B03F-3AFE-8F77-C214EE33E599}.Debug|Win32.ActiveCfg = Debug|Win32
		{03AF62E9-B03F-3AFE-8F77-C214EE33E599}.Debug|Win32.Build.0 = Debug|Win32
		{03AF62E9-B03F-3AFE-8F77-C214EE33E599}.Release|Win32.ActiveCfg = Release|Win32
		{03AF62E9-B03F-3AFE-8F77-C214EE33E599}.Release|Win32.Build.0 = Release|Win32
		{03AF62E9-B03F-3AFE-8F77-C214EE33E599}.MinSizeRel|Win32.ActiveCfg = MinSizeRel|Win32
		{03AF62E9-B03F-3AFE-8F77-C214EE33E599}.MinSizeRel|Win32.Build.0 = MinSizeRel|Win32
		{03AF62E9-B03F-3AFE-8F77-C214EE33E599}.RelWithDebInfo|Win32.ActiveCfg = RelWithDebInfo|Win32
		{03AF62E9-B03F-3AFE-8F77-C214EE33E599}.RelWithDebInfo|Win32.Build.0 = RelWithDebInfo|Win32
		{6C3F3682-A915-348A-BF63-58C3210F5334}.Debug|Win32.ActiveCfg = Debug|Win32
		{6C3F3682-A915-348A-BF63-58C3210F5334}.Debug|Win32.Build.0 = Debug|Win32
		{6C3F3682-A915-348A-BF63-58C3210F5334}.Release|Win32.ActiveCfg = Release|Win32
		{6C3F3682-A915-348A-BF63-58C3210F5334}.Release|Win32.Build.0 = Release|Win32
		{6C3F3682-A915-348A-BF63-58C3210F5334}.MinSizeRel|Win32.ActiveCfg = MinSizeRel|Win32
		{6C3F3682-A915-348A-BF63-58C3210F5334}.MinSizeRel|Win32.Build.0 = MinSizeRel|Win32
		{6C3F3682-A915-348A-BF63-58C3210F5334}.RelWithDebInfo|Win32.ActiveCfg = RelWithDebInfo|Win32
		{6C3F3682-A915-348A-BF63-58C3210F5334}.RelWithDebInfo|Win32.Build.0 = RelWithDebInfo|Win32
		{2C48651A-1367-32CE-95B3-36E8CB415FF7}.Debug|Win32.ActiveCfg = Debug|Win32
		{2C48651A-1367-32CE-95B3-36E8CB415FF7}.Debug|Win32.Build.0 = Debug|Win32
		{2C48651A-1367-32CE-95B3-36E8CB415FF7}.Release|Win32.ActiveCfg = Release|Win32
		{2C48651A-1367-32CE-95B3-36E8CB415FF7}.Release|Win32.Build.0 = Release|Win32
		{2C48651A-1367-32CE-95B3-36E8CB415FF7}.MinSizeRel|Win32.ActiveCfg = MinSizeRel|Win32
		{2C48651A-1367-32CE-95B3-36E8CB415FF7}.MinSizeRel|Win32.Build.0 = MinSizeRel|Win32
		{2C48651A-1367-32CE-95B3-36E8CB415FF7}.RelWithDebInfo|Win32.ActiveCfg = RelWithDebInfo|Win32
		{2C48651A-1367-32CE-95B3-36E8CB415FF7}.RelWithDebInfo|Win32.Build.0 = RelWithDebInfo|Win32
		{59E5A534-9FCC-3670-82E1-02DFB8712D77}.Debug|Win32.ActiveCfg = Debug|Win32
		{59E5A534-9FCC-3670-82E1-02DFB8712D77}.Debug|Win32.Build.0 = Debug|Win32
		{59E5A534-9FCC-3670-82E1-02DFB8712D77}.Release|Win32.ActiveCfg = Release|Win32
		{59E5A534-9FCC-3670-82E1-02DFB8712D77}.Release|Win32.Build.0 = Release|Win32
		{59E5A534-9FCC-3670-82E1-02DFB8712D77}.MinSizeRel|Win32.ActiveCfg = MinSizeRel|Win32
		{59E5A534-9FCC-3670-82E1-02DFB8712D77}.MinSizeRel|Win32.Build.0 = MinSizeRel|Win32
		{59E5A534-9FCC-3670-82E1-02DFB8712D77}.RelWithDebInfo|Win32.ActiveCfg = RelWithDebInfo|Win32
		{59E5A534-9FCC-3670-82E1-02DFB8712D77}.RelWithDebInfo|Win32.Build.0 = RelWithDebInfo|Win32
		{176DA99D-998C-3149-9A21-4DC3B0D0A1EB}.Debug|Win32.ActiveCfg = Debug|Win32
		{176DA99D-998C-3149-9A21-4DC3B0D0A1EB}.Release|Win32.ActiveCfg = Release|Win32
		{176DA99D-998C-3149-9A21-4DC3B0D0A1EB}.MinSizeRel|Win32.ActiveCfg = MinSizeRel|Win32
		{176DA99D-998C-3149-9A21-4DC3B0D0A1EB}.RelWithDebInfo|Win32.ActiveCfg = RelWithDebInfo|Win32
		{89D0B400-4A29-3639-ADD8-8D577FE6A415}.Debug|Win32.ActiveCfg = Debug|Win32
		{89D0B400-4A29-3639-ADD8-8D577FE6A415}.Debug|Win32.Build.0 = Debug|Win32
		{89D0B400-4A29-3639-ADD8-8D577FE6A415}.Release|Win32.ActiveCfg = Release|Win32
		{89D0B400-4A29-3639-ADD8-8D577FE6A415}.Release|Win32.Build.0 = Release|Win32
		{89D0B400-4A29-3639-ADD8-8D577FE6A415}.MinSizeRel|Win32.ActiveCfg = MinSizeRel|Win32
		{89D0B400-4A29-3639-ADD8-8D577FE6A415}.MinSizeRel|Win32.Build.0 = MinSizeRel|Win32
		{89D0B400-4A29-3639-ADD8-8D577FE6A415}.RelWithDebInfo|Win32.ActiveCfg = RelWithDebInfo|Win32
		{89D0B400-4A29-3639-ADD8-8D577FE6A415}.RelWithDebInfo|Win32.Build.0 = RelWithDebInfo|Win32
		{C3C0C79F-A5D7-3BD0-B7FD-63B53B3C7468}.Debug|Win32.ActiveCfg = Debug|Win32
		{C3C0C79F-A5D7-3BD0-B7FD-63B53B3C7468}.Debug|Win32.Build.0 = Debug|Win32
		{C3C0C79F-A5D7-3BD0-B7FD-63B53B3C7468}.Release|Win32.ActiveCfg = Release|Win32
		{C3C0C79F-A5D7-3BD0-B7FD-63B53B3C7468}.Release|Win32.Build.0 = Release|Win32
		{C3C0C79F-A5D7-3BD0-B7FD-63B53B3C7468}.MinSizeRel|Win32.ActiveCfg = MinSizeRel|Win32
		{C3C0C79F-A5D7-3BD0-B7FD-63B53B3C7468}.MinSizeRel|Win32.Build.0 = MinSizeRel|Win32
		{C3C0C79F-A5D7-3BD0-B7FD-63B53B3C7468}.RelWithDebInfo|Win32.ActiveCfg = RelWithDebInfo|Win32
		{C3C0C79F-A5D7-3BD0-B7FD-63B53B3C7468}.RelWithDebInfo|Win32.Build.0 = RelWithDebInfo|Win32
		{705909FB-208D-3646-8B2A-034ADE366479}.Debug|Win32.ActiveCfg = Debug|Win32
		{705909FB-208D-3646-8B2A-034ADE366479}.Debug|Win32.Build.0 = Debug|Win32
		{705909FB-208D-3646-8B2A-034ADE366479}.Release|Win32.ActiveCfg = Release|Win32
		{705909FB-208D-3646-8B2A-034ADE366479}.Release|Win32.Build.0 = Release|Win32
		{705909FB-208D-3646-8B2A-034ADE366479}.MinSizeRel|Win32.ActiveCfg = MinSizeRel|Win32
		{705909FB-208D-3646-8B2A-034ADE366479}.MinSizeRel|Win32.Build.0 = MinSizeRel|Win32
		{705909FB-208D-3646-8B2A-034ADE366479}.RelWithDebInfo|Win32.ActiveCfg = RelWithDebInfo|Win32
		{705909FB-208D-3646-8B2A-034ADE366479}.RelWithDebInfo|Win32.Build.0 = RelWithDebInfo|Win32
	EndGlobalSection
	GlobalSection(NestedProjects) = preSolution
		{CD7AC95F-9C58-3529-904B-B0E7BCBCC977} = {6C58575F-F602-3FB9-BD06-872C47C3458B}
		{CA4A78B3-B901-3ED2-AC3A-BD2F335A6E41} = {6C58575F-F602-3FB9-BD06-872C47C3458B}
		{945DFA90-0E96-357A-B335-BB1B27E2A311} = {6C58575F-F602-3FB9-BD06-872C47C3458B}
		{EC4FE237-2E79-3C99-9C0C-4AD59EA20722} = {93E8F5EC-1408-36C1-912E-445C475739E4}
		{210AB1D4-6C40-3BF8-8DB0-2F25CE6D933D} = {93E8F5EC-1408-36C1-912E-445C475739E4}
		{2DCF0A5B-9B40-3A36-B55B-ABD4F9D20428} = {93E8F5EC-1408-36C1-912E-445C475739E4}
		{92005896-6B34-379A-9C3A-8946E3170DC2} = {EC4FE237-2E79-3C99-9C0C-4AD59EA20722}
		{0D87C9D5-D5AD-3367-A803-E156DD397DAD} = {EC4FE237-2E79-3C99-9C0C-4AD59EA20722}
		{304087A2-1E33-34A4-B3E5-B397FFD49529} = {EC4FE237-2E79-3C99-9C0C-4AD59EA20722}
		{429B4BE8-63D3-3A9D-AD62-A240EC0F37EE} = {EC4FE237-2E79-3C99-9C0C-4AD59EA20722}
		{3A497C4C-66BC-39A4-919F-1CEAB35200C3} = {EC4FE237-2E79-3C99-9C0C-4AD59EA20722}
		{F5A7E909-6B31-3B38-81C8-DDCEDE42B3E5} = {EC4FE237-2E79-3C99-9C0C-4AD59EA20722}
		{89D0B400-4A29-3639-ADD8-8D577FE6A415} = {EC4FE237-2E79-3C99-9C0C-4AD59EA20722}
		{8C298BC9-D6B7-3E72-9BE3-168FDCDEAD30} = {210AB1D4-6C40-3BF8-8DB0-2F25CE6D933D}
		{AFBF4BCD-AA99-3450-9A3D-A26E18E29D5D} = {210AB1D4-6C40-3BF8-8DB0-2F25CE6D933D}
		{D1963758-39BA-3975-8C3C-E72C29CB16A6} = {210AB1D4-6C40-3BF8-8DB0-2F25CE6D933D}
		{1E90FFB1-2CD4-34DE-A57C-F00C45BBEFDA} = {210AB1D4-6C40-3BF8-8DB0-2F25CE6D933D}
		{1F87869F-5233-3665-9B88-5D5879F5DDF6} = {210AB1D4-6C40-3BF8-8DB0-2F25CE6D933D}
		{60DD4EE7-9E27-377A-BA07-4A87C614CC60} = {210AB1D4-6C40-3BF8-8DB0-2F25CE6D933D}
		{9D318B57-CDFA-394E-8548-CDD86421A558} = {210AB1D4-6C40-3BF8-8DB0-2F25CE6D933D}
		{564842DA-8967-3520-B562-C6DC287FBFEE} = {210AB1D4-6C40-3BF8-8DB0-2F25CE6D933D}
		{0E13BA33-96B4-37F7-B7B3-0A84E7F670BD} = {210AB1D4-6C40-3BF8-8DB0-2F25CE6D933D}
		{A7B3EBDE-9C8F-35EB-A2B1-4CA7C5895EB2} = {210AB1D4-6C40-3BF8-8DB0-2F25CE6D933D}
		{C27CC4FF-E2F4-382B-83E2-D94D6262710F} = {210AB1D4-6C40-3BF8-8DB0-2F25CE6D933D}
		{F3531AD8-3B01-3463-B481-744BE343B5BB} = {210AB1D4-6C40-3BF8-8DB0-2F25CE6D933D}
		{10CF3073-93F4-3435-B7F4-B771DBAE6D0A} = {210AB1D4-6C40-3BF8-8DB0-2F25CE6D933D}
		{BF302E73-A590-3D75-B997-A082E994D177} = {210AB1D4-6C40-3BF8-8DB0-2F25CE6D933D}
		{AF145EE7-95D5-3D4D-98BC-6B94392A8B9A} = {210AB1D4-6C40-3BF8-8DB0-2F25CE6D933D}
		{C3C0C79F-A5D7-3BD0-B7FD-63B53B3C7468} = {210AB1D4-6C40-3BF8-8DB0-2F25CE6D933D}
	EndGlobalSection
	GlobalSection(ExtensibilityGlobals) = postSolution
		SolutionGuid = {2879B447-7E75-34D4-AB7B-52AAE29F4A92}
	EndGlobalSection
	GlobalSection(ExtensibilityAddIns) = postSolution
	EndGlobalSection
EndGlobal
