<?xml version="1.0" encoding="utf-8"?>
<Project ToolsVersion="16.0" xmlns="http://schemas.microsoft.com/developer/msbuild/2003">
  <ItemGroup>
    <ClCompile Include="D:\Documents\GitHub\LearningOpenGL\ogl-master\tutorial01_first_window\tutorial01.cpp">
      <Filter>Source Files</Filter>
    </ClCompile>
  </ItemGroup>
  <ItemGroup>
    <CustomBuild Include="D:\Documents\GitHub\LearningOpenGL\ogl-master\CMakeLists.txt" />
  </ItemGroup>
  <ItemGroup>
    <Filter Include="Source Files">
      <UniqueIdentifier>{5CF40350-1446-3C50-8428-5276E4C8D2DF}</UniqueIdentifier>
    </Filter>
  </ItemGroup>
</Project>
